lockfileVersion: 5.3

specifiers:
  '@tuleap/build-system-configurator': link:../build-system-configurator
  '@vue/composition-api': ^1.4.4

devDependencies:
  '@tuleap/build-system-configurator': link:../build-system-configurator
  '@vue/composition-api': 1.4.4

packages:

  /@vue/composition-api/1.4.4:
    resolution: {integrity: sha512-0AMpkSy28NG1BUqTPXLfQzJUnjSp+qUa4jaG7A2FBRSKHJOl1g10/xvNb44+OW5Jg9f79zKOb7PYhFhJG2vLyQ==}
    peerDependencies:
      vue: '>= 2.5 < 3'
    dependencies:
      tslib: 2.3.1
    dev: true

  /tslib/2.3.1:
    resolution: {integrity: sha512-77EbyPPpMz+FRFRuAFlWMtmgUWGe9UOG2Z25NqCwiIjRhOf5iKGuzSe5P2w1laq+FkRy4p+PCuVkJSGkzTEKVw==}
    dev: true
