lockfileVersion: 5.3

specifiers:
  '@tuleap/html-escaper': file:../../lib/frontend/html-escaper
  '@tuleap/tlp-modal': file:../../lib/frontend/tlp-modal
  '@tuleap/tlp-popovers': file:../../lib/frontend/tlp-popovers

dependencies:
  '@tuleap/html-escaper': link:../../lib/frontend/html-escaper
  '@tuleap/tlp-modal': link:../../lib/frontend/tlp-modal
  '@tuleap/tlp-popovers': link:../../lib/frontend/tlp-popovers
