lockfileVersion: '6.0'

settings:
  autoInstallPeers: false
  excludeLinksFromLockfile: false

dependencies:
  '@fortawesome/fontawesome-free':
    specifier: ^6.5.1
    version: 6.5.1
  '@tuleap/burningparrot-theme':
    specifier: workspace:*
    version: link:../../../src/themes/BurningParrot
  '@tuleap/project-privacy-helper':
    specifier: workspace:*
    version: link:../project-privacy-helper
  '@tuleap/tlp':
    specifier: workspace:*
    version: link:../../../src/scripts/tlp
  '@tuleap/tlp-popovers':
    specifier: workspace:*
    version: link:../tlp-popovers
  '@tuleap/tlp-styles':
    specifier: workspace:^
    version: link:../tlp-styles
  '@tuleap/url-sanitizer':
    specifier: workspace:*
    version: link:../url-sanitizer
  '@tuleap/vue-strict-inject':
    specifier: workspace:*
    version: link:../vue-strict-inject
  '@vueuse/core':
    specifier: ^8.7.3
    version: 8.7.3(vue@3.4.38)
  vue:
    specifier: ^3.4.38
    version: 3.4.38
  vue-dompurify-html:
    specifier: ^5.0.0
    version: 5.0.0(vue@3.4.38)

devDependencies:
  '@tuleap/build-system-configurator':
    specifier: workspace:*
    version: link:../build-system-configurator
  '@vitejs/plugin-vue':
    specifier: ^4.2.3
    version: 4.2.3(vue@3.4.38)
  '@vue/test-utils':
    specifier: ^2.0.0
    version: 2.0.0(vue@3.4.38)

packages:

  /@babel/helper-string-parser@7.25.9:
    resolution: {integrity: sha512-4A/SCr/2KLd5jrtOMFzaKjVtAei3+2r/NChoBNoZ3EyP/+GlhoaEGoWOZUmFmoITP7zOJyHIMm+DYRd8o3PvHA==}
    engines: {node: '>=6.9.0'}

  /@babel/helper-validator-identifier@7.25.9:
    resolution: {integrity: sha512-Ed61U6XJc3CVRfkERJWDz4dJwKe7iLmmJsbOGu9wSloNSFttHV0I8g6UAgb7qnK5ly5bGLPd4oXZlxCdANBOWQ==}
    engines: {node: '>=6.9.0'}

  /@babel/parser@7.27.0:
    resolution: {integrity: sha512-iaepho73/2Pz7w2eMS0Q5f83+0RKI7i4xmiYeBmDzfRVbQtTOG7Ts0S4HzJVsTMGI9keU8rNfuZr8DKfSt7Yyg==}
    engines: {node: '>=6.0.0'}
    hasBin: true
    dependencies:
      '@babel/types': 7.27.0

  /@babel/types@7.27.0:
    resolution: {integrity: sha512-H45s8fVLYjbhFH62dIJ3WtmJ6RSPt/3DRO0ZcT2SUiYiQyz3BLVb9ADEnLl91m74aQPS3AzzeajZHYOalWe3bg==}
    engines: {node: '>=6.9.0'}
    dependencies:
      '@babel/helper-string-parser': 7.25.9
      '@babel/helper-validator-identifier': 7.25.9

  /@fortawesome/fontawesome-free@6.5.1:
    resolution: {integrity: sha512-CNy5vSwN3fsUStPRLX7fUYojyuzoEMSXPl7zSLJ8TgtRfjv24LOnOWKT2zYwaHZCJGkdyRnTmstR0P+Ah503Gw==}
    engines: {node: '>=6'}
    requiresBuild: true
    dev: false

  /@jridgewell/sourcemap-codec@1.5.0:
    resolution: {integrity: sha512-gv3ZRaISU3fjPAgNsriBRqGWQL6quFx04YMPW/zD8XMLsU32mhCCbfbO6KZFLjvYpCZ8zyDEgqsgf+PwPaM7GQ==}

  /@types/trusted-types@2.0.7:
    resolution: {integrity: sha512-ScaPdn1dQczgbl0QFTeTOmVHFULt394XJgOQNoyVhZ6r2vLnMLJfBPd53SB52T/3G36VI1/g2MZaX0cwDuXsfw==}
    requiresBuild: true
    dev: false
    optional: true

  /@vitejs/plugin-vue@4.2.3(vue@3.4.38):
    resolution: {integrity: sha512-R6JDUfiZbJA9cMiguQ7jxALsgiprjBeHL5ikpXfJCH62pPHtI+JdJ5xWj6Ev73yXSlYl86+blXn1kZHQ7uElxw==}
    engines: {node: ^14.18.0 || >=16.0.0}
    peerDependencies:
      vite: ^4.0.0
      vue: ^3.2.25
    dependencies:
      vue: 3.4.38
    dev: true

  /@vue/compiler-core@3.4.38:
    resolution: {integrity: sha512-8IQOTCWnLFqfHzOGm9+P8OPSEDukgg3Huc92qSG49if/xI2SAwLHQO2qaPQbjCWPBcQoO1WYfXfTACUrWV3c5A==}
    dependencies:
      '@babel/parser': 7.27.0
      '@vue/shared': 3.4.38
      entities: 4.5.0
      estree-walker: 2.0.2
      source-map-js: 1.2.1

  /@vue/compiler-dom@3.4.38:
    resolution: {integrity: sha512-Osc/c7ABsHXTsETLgykcOwIxFktHfGSUDkb05V61rocEfsFDcjDLH/IHJSNJP+/Sv9KeN2Lx1V6McZzlSb9EhQ==}
    dependencies:
      '@vue/compiler-core': 3.4.38
      '@vue/shared': 3.4.38

  /@vue/compiler-sfc@3.4.38:
    resolution: {integrity: sha512-s5QfZ+9PzPh3T5H4hsQDJtI8x7zdJaew/dCGgqZ2630XdzaZ3AD8xGZfBqpT8oaD/p2eedd+pL8tD5vvt5ZYJQ==}
    dependencies:
      '@babel/parser': 7.27.0
      '@vue/compiler-core': 3.4.38
      '@vue/compiler-dom': 3.4.38
      '@vue/compiler-ssr': 3.4.38
      '@vue/shared': 3.4.38
      estree-walker: 2.0.2
      magic-string: 0.30.17
      postcss: 8.5.3
      source-map-js: 1.2.1

  /@vue/compiler-ssr@3.4.38:
    resolution: {integrity: sha512-YXznKFQ8dxYpAz9zLuVvfcXhc31FSPFDcqr0kyujbOwNhlmaNvL2QfIy+RZeJgSn5Fk54CWoEUeW+NVBAogGaw==}
    dependencies:
      '@vue/compiler-dom': 3.4.38
      '@vue/shared': 3.4.38

  /@vue/reactivity@3.4.38:
    resolution: {integrity: sha512-4vl4wMMVniLsSYYeldAKzbk72+D3hUnkw9z8lDeJacTxAkXeDAP1uE9xr2+aKIN0ipOL8EG2GPouVTH6yF7Gnw==}
    dependencies:
      '@vue/shared': 3.4.38

  /@vue/runtime-core@3.4.38:
    resolution: {integrity: sha512-21z3wA99EABtuf+O3IhdxP0iHgkBs1vuoCAsCKLVJPEjpVqvblwBnTj42vzHRlWDCyxu9ptDm7sI2ZMcWrQqlA==}
    dependencies:
      '@vue/reactivity': 3.4.38
      '@vue/shared': 3.4.38

  /@vue/runtime-dom@3.4.38:
    resolution: {integrity: sha512-afZzmUreU7vKwKsV17H1NDThEEmdYI+GCAK/KY1U957Ig2NATPVjCROv61R19fjZNzMmiU03n79OMnXyJVN0UA==}
    dependencies:
      '@vue/reactivity': 3.4.38
      '@vue/runtime-core': 3.4.38
      '@vue/shared': 3.4.38
      csstype: 3.1.3

  /@vue/server-renderer@3.4.38(vue@3.4.38):
    resolution: {integrity: sha512-NggOTr82FbPEkkUvBm4fTGcwUY8UuTsnWC/L2YZBmvaQ4C4Jl/Ao4HHTB+l7WnFCt5M/dN3l0XLuyjzswGYVCA==}
    peerDependencies:
      vue: 3.4.38
    dependencies:
      '@vue/compiler-ssr': 3.4.38
      '@vue/shared': 3.4.38
      vue: 3.4.38

  /@vue/shared@3.4.38:
    resolution: {integrity: sha512-q0xCiLkuWWQLzVrecPb0RMsNWyxICOjPrcrwxTUEHb1fsnvni4dcuyG7RT/Ie7VPTvnjzIaWzRMUBsrqNj/hhw==}

  /@vue/test-utils@2.0.0(vue@3.4.38):
    resolution: {integrity: sha512-zL5kygNq7hONrO1CzaUGprEAklAX+pH8J1MPMCU3Rd2xtSYkZ+PmKU3oEDRg8VAGdL5lNJHzDgrud5amFPtirw==}
    peerDependencies:
      vue: ^3.0.1
    dependencies:
      vue: 3.4.38
    dev: true

  /@vueuse/core@8.7.3(vue@3.4.38):
    resolution: {integrity: sha512-jpBnyG9b4wXgk0Dz3I71lfhD0o53t1tZR+NoAQ+17zJy7MP/VDfGIkq8GcqpDwmptLCmGiGVipkPbWmDGMic8Q==}
    peerDependencies:
      '@vue/composition-api': ^1.1.0
      vue: ^2.6.0 || ^3.2.0
    peerDependenciesMeta:
      '@vue/composition-api':
        optional: true
      vue:
        optional: true
    dependencies:
      '@vueuse/metadata': 8.7.3
      '@vueuse/shared': 8.7.3(vue@3.4.38)
      vue: 3.4.38
      vue-demi: 0.12.5(vue@3.4.38)
    dev: false

  /@vueuse/metadata@8.7.3:
    resolution: {integrity: sha512-spf9kgCsBEFbQb90I6SIqAWh1yP5T1JoJGj+/04+VTMIHXKzn3iecmHUalg8QEOCPNtnFQGNEw5OLg0L39eizg==}
    dev: false

  /@vueuse/shared@8.7.3(vue@3.4.38):
    resolution: {integrity: sha512-PMc/h6cEakJ4+5VuNUGi7RnbA6CkLvtG2230x8w3zYJpW1P6Qphh9+dFFvHn7TX+RlaicF5ND0RX1NxWmAoW7w==}
    peerDependencies:
      '@vue/composition-api': ^1.1.0
      vue: ^2.6.0 || ^3.2.0
    peerDependenciesMeta:
      '@vue/composition-api':
        optional: true
      vue:
        optional: true
    dependencies:
      vue: 3.4.38
      vue-demi: 0.12.5(vue@3.4.38)
    dev: false

  /csstype@3.1.3:
    resolution: {integrity: sha512-M1uQkMl8rQK/szD0LNhtqxIPLpimGm8sOBwU7lLnCpSbTyY3yeU1Vc7l4KT5zT4s/yOxHH5O7tIuuLOCnLADRw==}

  /dompurify@3.2.4:
    resolution: {integrity: sha512-ysFSFEDVduQpyhzAob/kkuJjf5zWkZD8/A9ywSp1byueyuCfHamrCBa14/Oc2iiB0e51B+NpxSl5gmzn+Ms/mg==}
    optionalDependencies:
      '@types/trusted-types': 2.0.7
    dev: false

  /entities@4.5.0:
    resolution: {integrity: sha512-V0hjH4dGPh9Ao5p0MoRY6BVqtwCjhz6vI5LT8AJ55H+4g9/4vbHx1I54fS0XuclLhDHArPQCiMjDxjaL8fPxhw==}
    engines: {node: '>=0.12'}

  /estree-walker@2.0.2:
    resolution: {integrity: sha512-Rfkk/Mp/DL7JVje3u18FxFujQlTNR2q6QfMSMB7AvCBx91NGj/ba3kCfza0f6dVDbw7YlRf/nDrn7pQrCCyQ/w==}

  /magic-string@0.30.17:
    resolution: {integrity: sha512-sNPKHvyjVf7gyjwS4xGTaW/mCnF8wnjtifKBEhxfZ7E/S8tQ0rssrwGNn6q8JH/ohItJfSQp9mBtQYuTlH5QnA==}
    dependencies:
      '@jridgewell/sourcemap-codec': 1.5.0

  /nanoid@3.3.11:
    resolution: {integrity: sha512-N8SpfPUnUp1bK+PMYW8qSWdl9U+wwNWI4QKxOYDy9JAro3WMX7p2OeVRF9v+347pnakNevPmiHhNmZ2HbFA76w==}
    engines: {node: ^10 || ^12 || ^13.7 || ^14 || >=15.0.1}
    hasBin: true

  /picocolors@1.1.1:
    resolution: {integrity: sha512-xceH2snhtb5M9liqDsmEw56le376mTZkEX/jEb/RxNFyegNul7eNslCXP9FDj/Lcu0X8KEyMceP2ntpaHrDEVA==}

  /postcss@8.5.3:
    resolution: {integrity: sha512-dle9A3yYxlBSrt8Fu+IpjGT8SY8hN0mlaA6GY8t0P5PjIOZemULz/E2Bnm/2dcUOena75OTNkHI76uZBNUUq3A==}
    engines: {node: ^10 || ^12 || >=14}
    dependencies:
      nanoid: 3.3.11
      picocolors: 1.1.1
      source-map-js: 1.2.1

  /source-map-js@1.2.1:
    resolution: {integrity: sha512-UXWMKhLOwVKb728IUtQPXxfYU+usdybtUrK/8uGE8CQMvrhOpwvzDBwj0QhSL7MQc7vIsISBG8VQ8+IDQxpfQA==}
    engines: {node: '>=0.10.0'}

  /vue-demi@0.12.5(vue@3.4.38):
    resolution: {integrity: sha512-BREuTgTYlUr0zw0EZn3hnhC3I6gPWv+Kwh4MCih6QcAeaTlaIX0DwOVN0wHej7hSvDPecz4jygy/idsgKfW58Q==}
    engines: {node: '>=12'}
    hasBin: true
    requiresBuild: true
    peerDependencies:
      '@vue/composition-api': ^1.0.0-rc.1
      vue: ^3.0.0-0 || ^2.6.0
    peerDependenciesMeta:
      '@vue/composition-api':
        optional: true
    dependencies:
      vue: 3.4.38
    dev: false

  /vue-dompurify-html@5.0.0(vue@3.4.38):
    resolution: {integrity: sha512-mirhe1ANWPU5wTCkR1IARtL0eXPFQGO8iLQNQWC+/X0HMeY1Ne+mh/EIvF5e970fME0UOCF/tMxDmqx5Lo679Q==}
    peerDependencies:
      vue: ^3.0.0
    dependencies:
      dompurify: 3.2.4
      vue: 3.4.38
    dev: false

  /vue@3.4.38:
    resolution: {integrity: sha512-f0ZgN+mZ5KFgVv9wz0f4OgVKukoXtS3nwET4c2vLBGQR50aI8G0cqbFtLlX9Yiyg3LFGBitruPHt2PxwTduJEw==}
    peerDependencies:
      typescript: '*'
    peerDependenciesMeta:
      typescript:
        optional: true
    dependencies:
      '@vue/compiler-dom': 3.4.38
      '@vue/compiler-sfc': 3.4.38
      '@vue/runtime-dom': 3.4.38
      '@vue/server-renderer': 3.4.38(vue@3.4.38)
      '@vue/shared': 3.4.38
