lockfileVersion: 5.3

specifiers:
  '@fortawesome/fontawesome-free': ^5.15.2
  '@tuleap/build-system-configurator': file:../build-system-configurator
  '@tuleap/burningparrot-theme': file:../../../src/themes/BurningParrot
  '@tuleap/project-privacy-helper': file:../project-privacy-helper
  '@tuleap/tlp': file:../../../src/themes/tlp
  '@tuleap/tlp-popovers': file:../tlp-popovers
  '@vue/test-utils': ^2.0.0-rc.17
  '@vueuse/core': ^7.5.3
  vue: ^3.2.26
  vue-dompurify-html: ^3.0.0-beta.3

dependencies:
  '@fortawesome/fontawesome-free': 5.15.4
  '@tuleap/burningparrot-theme': link:../../../src/themes/BurningParrot
  '@tuleap/project-privacy-helper': link:../project-privacy-helper
  '@tuleap/tlp': link:../../../src/themes/tlp
  '@tuleap/tlp-popovers': link:../tlp-popovers
  '@vueuse/core': 7.5.3_vue@3.2.26
  vue: 3.2.26
  vue-dompurify-html: 3.0.0-beta.3_vue@3.2.26

devDependencies:
  '@tuleap/build-system-configurator': link:../build-system-configurator
  '@vue/test-utils': 2.0.0-rc.17_vue@3.2.26

packages:

  /@babel/parser/7.16.8:
    resolution: {integrity: sha512-i7jDUfrVBWc+7OKcBzEe5n7fbv3i2fWtxKzzCvOjnzSxMfWMigAhtfJ7qzZNGFNMsCCd67+uz553dYKWXPvCKw==}
    engines: {node: '>=6.0.0'}
    hasBin: true
    dev: false

  /@fortawesome/fontawesome-free/5.15.4:
    resolution: {integrity: sha512-eYm8vijH/hpzr/6/1CJ/V/Eb1xQFW2nnUKArb3z+yUWv7HTwj6M7SP957oMjfZjAHU6qpoNc2wQvIxBLWYa/Jg==}
    engines: {node: '>=6'}
    requiresBuild: true
    dev: false

  /@vue/compiler-core/3.2.26:
    resolution: {integrity: sha512-N5XNBobZbaASdzY9Lga2D9Lul5vdCIOXvUMd6ThcN8zgqQhPKfCV+wfAJNNJKQkSHudnYRO2gEB+lp0iN3g2Tw==}
    dependencies:
      '@babel/parser': 7.16.8
      '@vue/shared': 3.2.26
      estree-walker: 2.0.2
      source-map: 0.6.1
    dev: false

  /@vue/compiler-dom/3.2.26:
    resolution: {integrity: sha512-smBfaOW6mQDxcT3p9TKT6mE22vjxjJL50GFVJiI0chXYGU/xzC05QRGrW3HHVuJrmLTLx5zBhsZ2dIATERbarg==}
    dependencies:
      '@vue/compiler-core': 3.2.26
      '@vue/shared': 3.2.26
    dev: false

  /@vue/compiler-sfc/3.2.26:
    resolution: {integrity: sha512-ePpnfktV90UcLdsDQUh2JdiTuhV0Skv2iYXxfNMOK/F3Q+2BO0AulcVcfoksOpTJGmhhfosWfMyEaEf0UaWpIw==}
    dependencies:
      '@babel/parser': 7.16.8
      '@vue/compiler-core': 3.2.26
      '@vue/compiler-dom': 3.2.26
      '@vue/compiler-ssr': 3.2.26
      '@vue/reactivity-transform': 3.2.26
      '@vue/shared': 3.2.26
      estree-walker: 2.0.2
      magic-string: 0.25.7
      postcss: 8.4.5
      source-map: 0.6.1
    dev: false

  /@vue/compiler-ssr/3.2.26:
    resolution: {integrity: sha512-2mywLX0ODc4Zn8qBoA2PDCsLEZfpUGZcyoFRLSOjyGGK6wDy2/5kyDOWtf0S0UvtoyVq95OTSGIALjZ4k2q/ag==}
    dependencies:
      '@vue/compiler-dom': 3.2.26
      '@vue/shared': 3.2.26
    dev: false

  /@vue/reactivity-transform/3.2.26:
    resolution: {integrity: sha512-XKMyuCmzNA7nvFlYhdKwD78rcnmPb7q46uoR00zkX6yZrUmcCQ5OikiwUEVbvNhL5hBJuvbSO95jB5zkUon+eQ==}
    dependencies:
      '@babel/parser': 7.16.8
      '@vue/compiler-core': 3.2.26
      '@vue/shared': 3.2.26
      estree-walker: 2.0.2
      magic-string: 0.25.7
    dev: false

  /@vue/reactivity/3.2.26:
    resolution: {integrity: sha512-h38bxCZLW6oFJVDlCcAiUKFnXI8xP8d+eO0pcDxx+7dQfSPje2AO6M9S9QO6MrxQB7fGP0DH0dYQ8ksf6hrXKQ==}
    dependencies:
      '@vue/shared': 3.2.26
    dev: false

  /@vue/runtime-core/3.2.26:
    resolution: {integrity: sha512-BcYi7qZ9Nn+CJDJrHQ6Zsmxei2hDW0L6AB4vPvUQGBm2fZyC0GXd/4nVbyA2ubmuhctD5RbYY8L+5GUJszv9mQ==}
    dependencies:
      '@vue/reactivity': 3.2.26
      '@vue/shared': 3.2.26
    dev: false

  /@vue/runtime-dom/3.2.26:
    resolution: {integrity: sha512-dY56UIiZI+gjc4e8JQBwAifljyexfVCkIAu/WX8snh8vSOt/gMSEGwPRcl2UpYpBYeyExV8WCbgvwWRNt9cHhQ==}
    dependencies:
      '@vue/runtime-core': 3.2.26
      '@vue/shared': 3.2.26
      csstype: 2.6.19
    dev: false

  /@vue/server-renderer/3.2.26_vue@3.2.26:
    resolution: {integrity: sha512-Jp5SggDUvvUYSBIvYEhy76t4nr1vapY/FIFloWmQzn7UxqaHrrBpbxrqPcTrSgGrcaglj0VBp22BKJNre4aA1w==}
    peerDependencies:
      vue: 3.2.26
    dependencies:
      '@vue/compiler-ssr': 3.2.26
      '@vue/shared': 3.2.26
      vue: 3.2.26
    dev: false

  /@vue/shared/3.2.26:
    resolution: {integrity: sha512-vPV6Cq+NIWbH5pZu+V+2QHE9y1qfuTq49uNWw4f7FDEeZaDU2H2cx5jcUZOAKW7qTrUS4k6qZPbMy1x4N96nbA==}
    dev: false

  /@vue/test-utils/2.0.0-rc.17_vue@3.2.26:
    resolution: {integrity: sha512-7LHZKsFRV/HqDoMVY+cJamFzgHgsrmQFalROHC5FMWrzPzd+utG5e11krj1tVsnxYufGA2ABShX4nlcHXED+zQ==}
    peerDependencies:
      vue: ^3.0.1
    dependencies:
      vue: 3.2.26
    dev: true

  /@vueuse/core/7.5.3_vue@3.2.26:
    resolution: {integrity: sha512-D9j5ymHFMFRXQqCp0yZJkf/bvBGiz0MrKUa364p+L8dMyd5zyq2K1JmHyvoBd4xbTFRfmQ1h878u6YE5LCkDVQ==}
    peerDependencies:
      '@vue/composition-api': ^1.1.0
      vue: ^2.6.0 || ^3.2.0
    peerDependenciesMeta:
      '@vue/composition-api':
        optional: true
      vue:
        optional: true
    dependencies:
      '@vueuse/shared': 7.5.3_vue@3.2.26
      vue: 3.2.26
      vue-demi: 0.12.1_vue@3.2.26
    dev: false

  /@vueuse/shared/7.5.3_vue@3.2.26:
    resolution: {integrity: sha512-BJ71cxHN5VByW1S58Gl85NFJaQu93F7Vs7K/MuAKsIIuHm9PBbkR5Vxkg9ko9cBdiKVt+FNoo13BhdbA+Vwycg==}
    peerDependencies:
      '@vue/composition-api': ^1.1.0
      vue: ^2.6.0 || ^3.2.0
    peerDependenciesMeta:
      '@vue/composition-api':
        optional: true
      vue:
        optional: true
    dependencies:
      vue: 3.2.26
      vue-demi: 0.12.1_vue@3.2.26
    dev: false

  /csstype/2.6.19:
    resolution: {integrity: sha512-ZVxXaNy28/k3kJg0Fou5MiYpp88j7H9hLZp8PDC3jV0WFjfH5E9xHb56L0W59cPbKbcHXeP4qyT8PrHp8t6LcQ==}
    dev: false

  /dompurify/2.3.4:
    resolution: {integrity: sha512-6BVcgOAVFXjI0JTjEvZy901Rghm+7fDQOrNIcxB4+gdhj6Kwp6T9VBhBY/AbagKHJocRkDYGd6wvI+p4/10xtQ==}
    dev: false

  /estree-walker/2.0.2:
    resolution: {integrity: sha512-Rfkk/Mp/DL7JVje3u18FxFujQlTNR2q6QfMSMB7AvCBx91NGj/ba3kCfza0f6dVDbw7YlRf/nDrn7pQrCCyQ/w==}
    dev: false

  /magic-string/0.25.7:
    resolution: {integrity: sha512-4CrMT5DOHTDk4HYDlzmwu4FVCcIYI8gauveasrdCu2IKIFOJ3f0v/8MDGJCDL9oD2ppz/Av1b0Nj345H9M+XIA==}
    dependencies:
      sourcemap-codec: 1.4.8
    dev: false

  /nanoid/3.1.32:
    resolution: {integrity: sha512-F8mf7R3iT9bvThBoW4tGXhXFHCctyCiUUPrWF8WaTqa3h96d9QybkSeba43XVOOE3oiLfkVDe4bT8MeGmkrTxw==}
    engines: {node: ^10 || ^12 || ^13.7 || ^14 || >=15.0.1}
    hasBin: true
    dev: false

  /picocolors/1.0.0:
    resolution: {integrity: sha512-1fygroTLlHu66zi26VoTDv8yRgm0Fccecssto+MhsZ0D/DGW2sm8E8AjW7NU5VVTRt5GxbeZ5qBuJr+HyLYkjQ==}
    dev: false

  /postcss/8.4.5:
    resolution: {integrity: sha512-jBDboWM8qpaqwkMwItqTQTiFikhs/67OYVvblFFTM7MrZjt6yMKd6r2kgXizEbTTljacm4NldIlZnhbjr84QYg==}
    engines: {node: ^10 || ^12 || >=14}
    dependencies:
      nanoid: 3.1.32
      picocolors: 1.0.0
      source-map-js: 1.0.1
    dev: false

  /source-map-js/1.0.1:
    resolution: {integrity: sha512-4+TN2b3tqOCd/kaGRJ/sTYA0tR0mdXx26ipdolxcwtJVqEnqNYvlCAt1q3ypy4QMlYus+Zh34RNtYLoq2oQ4IA==}
    engines: {node: '>=0.10.0'}
    dev: false

  /source-map/0.6.1:
    resolution: {integrity: sha512-UjgapumWlbMhkBgzT7Ykc5YXUT46F0iKu8SGXq0bcwP5dz/h0Plj6enJqjz1Zbq2l5WaqYnrVbwWOWMyF3F47g==}
    engines: {node: '>=0.10.0'}
    dev: false

  /sourcemap-codec/1.4.8:
    resolution: {integrity: sha512-9NykojV5Uih4lgo5So5dtw+f0JgJX30KCNI8gwhz2J9A15wD0Ml6tjHKwf6fTSa6fAdVBdZeNOs9eJ71qCk8vA==}
    dev: false

  /vue-demi/0.12.1_vue@3.2.26:
    resolution: {integrity: sha512-QL3ny+wX8c6Xm1/EZylbgzdoDolye+VpCXRhI2hug9dJTP3OUJ3lmiKN3CsVV3mOJKwFi0nsstbgob0vG7aoIw==}
    engines: {node: '>=12'}
    hasBin: true
    requiresBuild: true
    peerDependencies:
      '@vue/composition-api': ^1.0.0-rc.1
      vue: ^3.0.0-0 || ^2.6.0
    peerDependenciesMeta:
      '@vue/composition-api':
        optional: true
    dependencies:
      vue: 3.2.26
    dev: false

  /vue-dompurify-html/3.0.0-beta.3_vue@3.2.26:
    resolution: {integrity: sha512-2YPUtBA3ImJNicyePngA+VFoVGCMmA5hXpvCbxwTmGq2N6TlvaFLrUYtxzGa/1V6TU3Um2VKUXd1vYc50k8UTA==}
    peerDependencies:
      vue: ^3.0.0
    dependencies:
      dompurify: 2.3.4
      vue: 3.2.26
    dev: false

  /vue/3.2.26:
    resolution: {integrity: sha512-KD4lULmskL5cCsEkfhERVRIOEDrfEL9CwAsLYpzptOGjaGFNWo3BQ9g8MAb7RaIO71rmVOziZ/uEN/rHwcUIhg==}
    dependencies:
      '@vue/compiler-dom': 3.2.26
      '@vue/compiler-sfc': 3.2.26
      '@vue/runtime-dom': 3.2.26
      '@vue/server-renderer': 3.2.26_vue@3.2.26
      '@vue/shared': 3.2.26
    dev: false
