{
  "name": "@tuleap/plugin-tracker-rich-text-editor",
  "version": "0.0.0",
  "lockfileVersion": 1,
  "requires": true,
  "dependencies": {
    "@types/bootstrap": {
      "version": "3.4.0",
      "resolved": "https://registry.npmjs.org/@types/bootstrap/-/bootstrap-3.4.0.tgz",
      "integrity": "sha512-LS05hVAAsX86qbHg7W+ydwBlNHrVCoFw6wEP3/uW4eYmRXl08bWmPeN/+onM+8qZTFfDgUlG/OItJI8SW972oQ==",
      "dev": true,
      "requires": {
        "@types/jquery": "*"
      }
    },
    "@types/ckeditor": {
      "version": "4.9.10",
      "resolved": "https://registry.npmjs.org/@types/ckeditor/-/ckeditor-4.9.10.tgz",
      "integrity": "sha512-dcOPCXM0Cr5Z0i6eF/aW5LvECrS+cdl2Gi7lU+rEUNWby0w9Yl6mBubjrs29OVAducpuZjB4mfDayE+o4/gGdQ==",
      "dev": true
    },
    "@types/dompurify": {
      "version": "2.2.1",
      "resolved": "https://registry.npmjs.org/@types/dompurify/-/dompurify-2.2.1.tgz",
      "integrity": "sha512-3JwbEeRVQ3n6+JgBW/hCdkydRk9/vWT+UEglcXEJqLJEcUganDH37zlfLznxPKTZZfDqA9K229l1qN458ubcOQ==",
      "dev": true,
      "requires": {
        "@types/trusted-types": "*"
      }
    },
    "@types/jquery": {
      "version": "3.5.5",
      "resolved": "https://registry.npmjs.org/@types/jquery/-/jquery-3.5.5.tgz",
      "integrity": "sha512-6RXU9Xzpc6vxNrS6FPPapN1SxSHgQ336WC6Jj/N8q30OiaBZ00l1GBgeP7usjVZPivSkGUfL1z/WW6TX989M+w==",
      "dev": true,
      "requires": {
        "@types/sizzle": "*"
      }
    },
    "@types/marked": {
      "version": "2.0.2",
      "resolved": "https://registry.npmjs.org/@types/marked/-/marked-2.0.2.tgz",
      "integrity": "sha512-P4zanhCQKs4tiWPPBGpB7lHflgFCP9DFGNI5YtpW9MALKoy2qs9rHNWJ+z55cegD9uCfnmsKuaosq9FNvbxrOw==",
      "dev": true
    },
    "@types/sizzle": {
      "version": "2.3.2",
      "resolved": "https://registry.npmjs.org/@types/sizzle/-/sizzle-2.3.2.tgz",
      "integrity": "sha512-7EJYyKTL7tFR8+gDbB6Wwz/arpGa0Mywk1TJbNzKzHtzbwVmY4HR9WqS5VV7dsBUKQmPNr192jHr/VpBluj/hg==",
      "dev": true
    },
    "@types/trusted-types": {
      "version": "2.0.0",
      "resolved": "https://registry.npmjs.org/@types/trusted-types/-/trusted-types-2.0.0.tgz",
      "integrity": "sha512-I8MnZqNXsOLHsU111oHbn3khtvKMi5Bn4qVFsIWSJcCP1KKDiXX5AEw8UPk0nSopeC+Hvxt6yAy1/a5PailFqg==",
      "dev": true
    },
    "@types/turndown": {
      "version": "5.0.0",
      "resolved": "https://registry.npmjs.org/@types/turndown/-/turndown-5.0.0.tgz",
      "integrity": "sha512-Y7KZn6SfSv1vzjByJGijrM9w99HoUbLiAgYwe+sGH6RYi5diIGLYOcr4Z1YqR2biFs9K5PnxKv/Fbkmh57pvzg==",
      "dev": true
    },
    "domino": {
      "version": "2.1.6",
      "resolved": "https://registry.npmjs.org/domino/-/domino-2.1.6.tgz",
      "integrity": "sha512-3VdM/SXBZX2omc9JF9nOPCtDaYQ67BGp5CoLpIQlO2KCAPETs8TcDHacF26jXadGbvUteZzRTeos2fhID5+ucQ=="
    },
    "dompurify": {
      "version": "2.2.7",
      "resolved": "https://registry.npmjs.org/dompurify/-/dompurify-2.2.7.tgz",
      "integrity": "sha512-jdtDffdGNY+C76jvodNTu9jt5yYj59vuTUyx+wXdzcSwAGTYZDAQkQ7Iwx9zcGrA4ixC1syU4H3RZROqRxokxg=="
    },
    "lit-html": {
      "version": "1.4.1",
      "resolved": "https://registry.npmjs.org/lit-html/-/lit-html-1.4.1.tgz",
      "integrity": "sha512-B9btcSgPYb1q4oSOb/PrOT6Z/H+r6xuNzfH4lFli/AWhYwdtrgQkQWBbIc6mdnf6E2IL3gDXdkkqNktpU0OZQA=="
    },
    "marked": {
      "version": "2.0.3",
      "resolved": "https://registry.npmjs.org/marked/-/marked-2.0.3.tgz",
      "integrity": "sha512-5otztIIcJfPc2qGTN8cVtOJEjNJZ0jwa46INMagrYfk0EvqtRuEHLsEe0LrFS0/q+ZRKT0+kXK7P2T1AN5lWRA=="
    },
    "turndown": {
      "version": "7.0.0",
      "resolved": "https://registry.npmjs.org/turndown/-/turndown-7.0.0.tgz",
      "integrity": "sha512-G1FfxfR0mUNMeGjszLYl3kxtopC4O9DRRiMlMDDVHvU1jaBkGFg4qxIyjIk2aiKLHyDyZvZyu4qBO2guuYBy3Q==",
      "requires": {
        "domino": "^2.1.6"
      }
    }
  }
}
