lockfileVersion: '6.0'

dependencies:
  '@tuleap/burningparrot-theme':
    specifier: workspace:*
    version: link:../../../../src/themes/BurningParrot
  '@tuleap/project-background':
    specifier: workspace:*
    version: link:../../../../lib/frontend/project-background
  '@tuleap/tlp-modal':
    specifier: workspace:*
    version: link:../../../../lib/frontend/tlp-modal
  '@tuleap/tlp-popovers':
    specifier: workspace:*
    version: link:../../../../lib/frontend/tlp-popovers

devDependencies:
  '@tuleap/build-system-configurator':
    specifier: workspace:*
    version: link:../../../../lib/frontend/build-system-configurator
