lockfileVersion: '6.0'

settings:
  autoInstallPeers: false
  excludeLinksFromLockfile: false

dependencies:
  '@tuleap/dom':
    specifier: workspace:^
    version: link:../../../../lib/frontend/dom
  '@tuleap/gettext':
    specifier: workspace:^
    version: link:../../../../lib/frontend/gettext
  '@tuleap/tlp-modal':
    specifier: workspace:^
    version: link:../../../../lib/frontend/tlp-modal

devDependencies:
  '@tuleap/build-system-configurator':
    specifier: workspace:*
    version: link:../../../../lib/frontend/build-system-configurator
  '@tuleap/po-gettext-plugin':
    specifier: workspace:^
    version: link:../../../../lib/frontend/po-gettext-plugin
