{
  "name": "@tuleap/plugin-svn",
  "requires": true,
  "lockfileVersion": 1,
  "dependencies": {
    "vue": {
      "version": "2.6.11",
      "resolved": "https://registry.npmjs.org/vue/-/vue-2.6.11.tgz",
      "integrity": "sha512-VfPwgcGABbGAue9+sfrD4PuwFar7gPb1yl1UK1MwXoQPAw0BKSqWfoYCT/ThFrdEVWoI51dBuyCoiNU9bZDZxQ=="
    },
    "vue-gettext": {
      "version": "2.1.8",
      "resolved": "https://registry.npmjs.org/vue-gettext/-/vue-gettext-2.1.8.tgz",
      "integrity": "sha512-LzDnD12g/DOqvDcQbwQTeeyS1E8WGs9L2tJoXzISWDinibUsm3fsEaQCo0mTZ0NpDHsk2AK2KzyuWly0Yulp9Q=="
    }
  }
}
