lockfileVersion: '6.0'

dependencies:
  '@tuleap/tlp-dropdown':
    specifier: workspace:*
    version: link:../../../../../lib/frontend/tlp-dropdown

devDependencies:
  '@tuleap/build-system-configurator':
    specifier: workspace:*
    version: link:../../../../../lib/frontend/build-system-configurator
