{
  "name": "tuleap-git",
  "version": "0.0.1",
  "lockfileVersion": 1,
  "requires": true,
  "dependencies": {
    "clipboard": {
      "version": "2.0.1",
      "resolved": "https://registry.npmjs.org/clipboard/-/clipboard-2.0.1.tgz",
      "integrity": "sha512-7yhQBmtN+uYZmfRjjVjKa0dZdWuabzpSKGtyQZN+9C8xlC788SSJjOHWh7tzurfwTqTD5UDYAhIv5fRJg3sHjQ==",
      "optional": true,
      "requires": {
        "good-listener": "^1.2.2",
        "select": "^1.1.2",
        "tiny-emitter": "^2.0.0"
      }
    },
    "delegate": {
      "version": "3.2.0",
      "resolved": "https://registry.npmjs.org/delegate/-/delegate-3.2.0.tgz",
      "integrity": "sha512-IofjkYBZaZivn0V8nnsMJGBr4jVLxHDheKSW88PyxS5QC4Vo9ZbZVvhzlSxY87fVq3STR6r+4cGepyHkcWOQSw==",
      "optional": true
    },
    "good-listener": {
      "version": "1.2.2",
      "resolved": "https://registry.npmjs.org/good-listener/-/good-listener-1.2.2.tgz",
      "integrity": "sha1-1TswzfkxPf+33JoNR3CWqm0UXFA=",
      "optional": true,
      "requires": {
        "delegate": "^3.1.2"
      }
    },
    "javascript-time-ago": {
      "version": "1.0.31",
      "resolved": "https://registry.npmjs.org/javascript-time-ago/-/javascript-time-ago-1.0.31.tgz",
      "integrity": "sha512-sgvSiGVSqWvK82IKcpgXXTCLHHBFkeptlLLj5vLTlXtuD5B2cqELPM9dN/88pmh3VJYi5otzisVcoiCSJnnorw=="
    },
    "lodash.get": {
      "version": "4.4.2",
      "resolved": "https://registry.npmjs.org/lodash.get/-/lodash.get-4.4.2.tgz",
      "integrity": "sha1-LRd/ZS+jHpObRDjVNBSZ36OCXpk="
    },
    "node-gettext": {
      "version": "2.0.0",
      "resolved": "https://registry.npmjs.org/node-gettext/-/node-gettext-2.0.0.tgz",
      "integrity": "sha1-8dwSN83FRvUVk9o0AwS4vrpbhSU=",
      "requires": {
        "lodash.get": "^4.4.2"
      }
    },
    "prism-languages": {
      "version": "0.4.0",
      "resolved": "https://registry.npmjs.org/prism-languages/-/prism-languages-0.4.0.tgz",
      "integrity": "sha512-Qfg/joAMAV3Dl0Ot79WV+5TZQUh9pc149HEtBO5/APiWzMAL8rJmBvH8C7uIlScBQpdW9KOQqm60wuHbKWbOVg=="
    },
    "prismjs": {
      "version": "1.15.0",
      "resolved": "https://registry.npmjs.org/prismjs/-/prismjs-1.15.0.tgz",
      "integrity": "sha512-Lf2JrFYx8FanHrjoV5oL8YHCclLQgbJcVZR+gikGGMqz6ub5QVWDTM6YIwm3BuPxM/LOV+rKns3LssXNLIf+DA==",
      "requires": {
        "clipboard": "^2.0.0"
      }
    },
    "select": {
      "version": "1.1.2",
      "resolved": "https://registry.npmjs.org/select/-/select-1.1.2.tgz",
      "integrity": "sha1-DnNQrN7ICxEIUoeG7B1EGNEbOW0=",
      "optional": true
    },
    "sprintf-js": {
      "version": "1.1.1",
      "resolved": "https://registry.npmjs.org/sprintf-js/-/sprintf-js-1.1.1.tgz",
      "integrity": "sha1-Nr54Mgr+WAH2zqPueLblqrlA6gw="
    },
    "tiny-emitter": {
      "version": "2.0.2",
      "resolved": "https://registry.npmjs.org/tiny-emitter/-/tiny-emitter-2.0.2.tgz",
      "integrity": "sha512-2NM0auVBGft5tee/OxP4PI3d8WItkDM+fPnaRAVo6xTDI2knbz9eC5ArWGqtGlYqiH3RU5yMpdyTTO7MguC4ow==",
      "optional": true
    },
    "vue": {
      "version": "2.5.17",
      "resolved": "https://registry.npmjs.org/vue/-/vue-2.5.17.tgz",
      "integrity": "sha512-mFbcWoDIJi0w0Za4emyLiW72Jae0yjANHbCVquMKijcavBGypqlF7zHRgMa5k4sesdv7hv2rB4JPdZfR+TPfhQ=="
    },
    "vue-gettext": {
      "version": "2.1.0",
      "resolved": "https://registry.npmjs.org/vue-gettext/-/vue-gettext-2.1.0.tgz",
      "integrity": "sha512-Fj2oJHWvpqSHp7mdIIQ8VpbICDavP4yy5q4rrRY/MSebawJo8TnNenz4p3O2xXfb4703TegaVTRWEt+KVVSDhA=="
    },
    "vuex": {
      "version": "3.0.1",
      "resolved": "https://registry.npmjs.org/vuex/-/vuex-3.0.1.tgz",
      "integrity": "sha512-wLoqz0B7DSZtgbWL1ShIBBCjv22GV5U+vcBFox658g6V0s4wZV9P4YjCNyoHSyIBpj1f29JBoNQIqD82cR4O3w=="
    }
  }
}
