lockfileVersion: 5.4

specifiers:
  '@tuleap/cypress-configurator': workspace:*
  '@tuleap/cypress-utilities-support': workspace:*

devDependencies:
  '@tuleap/cypress-configurator': link:../../../../../lib/test-utils/cypress-configurator
  '@tuleap/cypress-utilities-support': link:../../../../../lib/test-utils/cypress-utilities-support
