lockfileVersion: '6.0'

dependencies:
  '@tuleap/burningparrot-theme':
    specifier: workspace:*
    version: link:../../../../src/themes/BurningParrot
  '@tuleap/gettext':
    specifier: workspace:*
    version: link:../../../../lib/frontend/gettext
  '@tuleap/list-picker':
    specifier: workspace:*
    version: link:../../../../lib/frontend/list-picker
  '@tuleap/project-background':
    specifier: workspace:*
    version: link:../../../../lib/frontend/project-background
  '@tuleap/tlp-fetch':
    specifier: workspace:*
    version: link:../../../../lib/frontend/tlp-fetch
  '@tuleap/tlp-modal':
    specifier: workspace:*
    version: link:../../../../lib/frontend/tlp-modal
  sprintf-js:
    specifier: ^1.1.2
    version: 1.1.2

devDependencies:
  '@tuleap/build-system-configurator':
    specifier: workspace:*
    version: link:../../../../lib/frontend/build-system-configurator
  '@tuleap/po-gettext-plugin':
    specifier: workspace:*
    version: link:../../../../lib/frontend/po-gettext-plugin
  '@types/sprintf-js':
    specifier: ^1.1.2
    version: 1.1.2

packages:

  /@types/sprintf-js@1.1.2:
    resolution: {integrity: sha512-hkgzYF+qnIl8uTO8rmUSVSfQ8BIfMXC4yJAF4n8BE758YsKBZvFC4NumnAegj7KmylP0liEZNpb9RRGFMbFejA==}
    dev: true

  /sprintf-js@1.1.2:
    resolution: {integrity: sha512-VE0SOVEHCk7Qc8ulkWw3ntAzXuqf7S2lvwQaDLRnUeIEaKNQJzV6BwmLKhOqT61aGhfUMrXeaBk+oDGCzvhcug==}
    dev: false
