lockfileVersion: '6.0'

dependencies:
  '@fortawesome/fontawesome-free':
    specifier: ^6.1.1
    version: 6.1.1
  '@tuleap/cross-ref-badges':
    specifier: workspace:*
    version: link:../../../lib/frontend/cross-ref-badges
  '@tuleap/fp-feedback':
    specifier: workspace:*
    version: link:../../../lib/frontend/fp-feedback
  '@tuleap/list-picker':
    specifier: workspace:*
    version: link:../../../lib/frontend/list-picker
  '@tuleap/project-background':
    specifier: workspace:*
    version: link:../../../lib/frontend/project-background
  '@tuleap/project-sidebar-internal':
    specifier: workspace:*
    version: link:../../../lib/frontend/project-sidebar-internal
  '@tuleap/tlp':
    specifier: workspace:*
    version: link:../tlp
  '@tuleap/tlp-dropdown':
    specifier: workspace:*
    version: link:../../../lib/frontend/tlp-dropdown
  '@tuleap/tlp-popovers':
    specifier: workspace:*
    version: link:../../../lib/frontend/tlp-popovers
  '@tuleap/tlp-swatch-colors':
    specifier: workspace:*
    version: link:../../../lib/frontend/tlp-swatch-colors

packages:

  /@fortawesome/fontawesome-free@6.1.1:
    resolution: {integrity: sha512-J/3yg2AIXc9wznaVqpHVX3Wa5jwKovVF0AMYSnbmcXTiL3PpRPfF58pzWucCwEiCJBp+hCNRLWClTomD8SseKg==}
    engines: {node: '>=6'}
    requiresBuild: true
    dev: false
