{
  "name": "@tuleap/tlp-doc",
  "version": "0.0.0",
  "lockfileVersion": 1,
  "requires": true,
  "dependencies": {
    "codemirror": {
      "version": "5.59.4",
      "resolved": "https://registry.npmjs.org/codemirror/-/codemirror-5.59.4.tgz",
      "integrity": "sha512-achw5JBgx8QPcACDDn+EUUXmCYzx/zxEtOGXyjvLEvYY8GleUrnfm5D+Zb+UjShHggXKDT9AXrbkBZX6a0YSQg=="
    },
    "dompurify": {
      "version": "2.2.7",
      "resolved": "https://registry.npmjs.org/dompurify/-/dompurify-2.2.7.tgz",
      "integrity": "sha512-jdtDffdGNY+C76jvodNTu9jt5yYj59vuTUyx+wXdzcSwAGTYZDAQkQ7Iwx9zcGrA4ixC1syU4H3RZROqRxokxg=="
    }
  }
}
