lockfileVersion: '6.0'

settings:
  autoInstallPeers: false
  excludeLinksFromLockfile: false

dependencies:
  '@tuleap/dom':
    specifier: workspace:*
    version: link:../../../lib/frontend/dom
  '@tuleap/filter-inline-table':
    specifier: workspace:*
    version: link:../../../lib/frontend/filter-table
  '@tuleap/lazybox':
    specifier: workspace:*
    version: link:../../../lib/frontend/lazybox
  '@tuleap/list-picker':
    specifier: workspace:*
    version: link:../../../lib/frontend/list-picker
  '@tuleap/tlp':
    specifier: workspace:*
    version: link:../tlp
  '@tuleap/tlp-dropdown':
    specifier: workspace:*
    version: link:../../../lib/frontend/tlp-dropdown
  '@tuleap/tlp-modal':
    specifier: workspace:*
    version: link:../../../lib/frontend/tlp-modal
  '@tuleap/tlp-popovers':
    specifier: workspace:*
    version: link:../../../lib/frontend/tlp-popovers
  '@tuleap/tlp-relative-date':
    specifier: workspace:*
    version: link:../../../lib/frontend/tlp-relative-date
  '@tuleap/tlp-swatch-colors':
    specifier: workspace:*
    version: link:../../../lib/frontend/tlp-swatch-colors
  codemirror:
    specifier: ^5.62.0
    version: 5.62.0
  dompurify:
    specifier: ^3.0.10
    version: 3.0.10

devDependencies:
  '@tuleap/build-system-configurator':
    specifier: workspace:*
    version: link:../../../lib/frontend/build-system-configurator

packages:

  /codemirror@5.62.0:
    resolution: {integrity: sha512-Xnl3304iCc8nyVZuRkzDVVwc794uc9QNX0UcPGeNic1fbzkSrO4l4GVXho9tRNKBgPYZXgocUqXyfIv3BILhCQ==}
    dev: false

  /dompurify@3.0.10:
    resolution: {integrity: sha512-WZDL8ZHTliEVP3Lk4phtvjg8SNQ3YMc5WVstxE8cszKZrFjzI4PF4ZTIk9VGAc9vZADO7uGO2V/ZiStcRSAT4Q==}
    dev: false
