lockfileVersion: 5.4

specifiers:
  '@tuleap/core-constants': workspace:*
  '@tuleap/core-rest-api-types': workspace:*
  '@tuleap/plugin-pullrequest-constants': workspace:*

dependencies:
  '@tuleap/core-constants': link:../../../../../lib/frontend/constants
  '@tuleap/core-rest-api-types': link:../../../../../lib/frontend/rest-api-types
  '@tuleap/plugin-pullrequest-constants': link:../constants
