lockfileVersion: '6.0'

settings:
  autoInstallPeers: false
  excludeLinksFromLockfile: false

dependencies:
  '@tuleap/option':
    specifier: workspace:^
    version: link:../option

devDependencies:
  '@tuleap/build-system-configurator':
    specifier: workspace:*
    version: link:../build-system-configurator
  '@types/dompurify':
    specifier: ^3.0.5
    version: 3.0.5
  dompurify:
    specifier: ^3.1.4
    version: 3.1.4

packages:

  /@types/dompurify@3.0.5:
    resolution: {integrity: sha512-1Wg0g3BtQF7sSb27fJQAKck1HECM6zV1EB66j8JH9i3LCjYabJa0FSdiSgsD5K/RbrsR0SiraKacLB+T8ZVYAg==}
    dependencies:
      '@types/trusted-types': 2.0.4
    dev: true

  /@types/trusted-types@2.0.4:
    resolution: {integrity: sha512-IDaobHimLQhjwsQ/NMwRVfa/yL7L/wriQPMhw1ZJall0KX6E1oxk29XMDeilW5qTIg5aoiqf5Udy8U/51aNoQQ==}
    dev: true

  /dompurify@3.1.4:
    resolution: {integrity: sha512-2gnshi6OshmuKil8rMZuQCGiUF3cUxHY3NGDzUAdUx/NPEe5DVnO8BDoAQouvgwnx0R/+a6jUn36Z0FSdq8vww==}
    dev: true
