lockfileVersion: 5.4

specifiers:
  '@tuleap/build-system-configurator': link:../../lib/frontend/build-system-configurator
  '@types/react': ^17.0.37
  react: ^17.0.2
  swagger-ui: ^4.11.1

dependencies:
  react: 17.0.2
  swagger-ui: 4.11.1

devDependencies:
  '@tuleap/build-system-configurator': link:../../lib/frontend/build-system-configurator
  '@types/react': 17.0.37

packages:

  /@babel/runtime-corejs3/7.17.9:
    resolution: {integrity: sha512-WxYHHUWF2uZ7Hp1K+D1xQgbgkGUfA+5UPOegEXGt2Y5SMog/rYCVaifLZDbw8UkNXozEqqrZTy6bglL7xTaCOw==}
    engines: {node: '>=6.9.0'}
    dependencies:
      core-js-pure: 3.22.5
      regenerator-runtime: 0.13.9
    dev: false

  /@babel/runtime/7.16.0:
    resolution: {integrity: sha512-Nht8L0O8YCktmsDV6FqFue7vQLRx3Hb0B37lS5y0jDRqRxlBG4wIJHnf9/bgSE2UyipKFA01YtS+npRdTWBUyw==}
    engines: {node: '>=6.9.0'}
    dependencies:
      regenerator-runtime: 0.13.9
    dev: false

  /@babel/runtime/7.16.3:
    resolution: {integrity: sha512-WBwekcqacdY2e9AF/Q7WLFUWmdJGJTkbjqTjoMDgXkVZ3ZRUvOPsLb5KdwISoQVsbP+DQzVZW4Zhci0DvpbNTQ==}
    engines: {node: '>=6.9.0'}
    dependencies:
      regenerator-runtime: 0.13.9
    dev: false

  /@braintree/sanitize-url/6.0.0:
    resolution: {integrity: sha512-mgmE7XBYY/21erpzhexk4Cj1cyTQ9LzvnTxtzM17BJ7ERMNE6W72mQRo0I1Ud8eFJ+RVVIcBNhLFZ3GX4XFz5w==}
    dev: false

  /@types/hast/2.3.4:
    resolution: {integrity: sha512-wLEm0QvaoawEDoTRwzTXp4b4jpwiJDvR5KMnFnVodm3scufTlBOWRD6N1OBf9TZMhjlNsSfcO5V+7AF4+Vy+9g==}
    dependencies:
      '@types/unist': 2.0.6
    dev: false

  /@types/hoist-non-react-statics/3.3.1:
    resolution: {integrity: sha512-iMIqiko6ooLrTh1joXodJK5X9xeEALT1kM5G3ZLhD3hszxBdIEd5C75U834D9mLcINgD4OyZf5uQXjkuYydWvA==}
    dependencies:
      '@types/react': 17.0.37
      hoist-non-react-statics: 3.3.2
    dev: false

  /@types/prop-types/15.7.4:
    resolution: {integrity: sha512-rZ5drC/jWjrArrS8BR6SIr4cWpW09RNTYt9AMZo3Jwwif+iacXAqgVjm0B0Bv/S1jhDXKHqRVNCbACkJ89RAnQ==}

  /@types/react-redux/7.1.20:
    resolution: {integrity: sha512-q42es4c8iIeTgcnB+yJgRTTzftv3eYYvCZOh1Ckn2eX/3o5TdsQYKUWpLoLuGlcY/p+VAhV9IOEZJcWk/vfkXw==}
    dependencies:
      '@types/hoist-non-react-statics': 3.3.1
      '@types/react': 17.0.37
      hoist-non-react-statics: 3.3.2
      redux: 4.1.2
    dev: false

  /@types/react/17.0.37:
    resolution: {integrity: sha512-2FS1oTqBGcH/s0E+CjrCCR9+JMpsu9b69RTFO+40ua43ZqP5MmQ4iUde/dMjWR909KxZwmOQIFq6AV6NjEG5xg==}
    dependencies:
      '@types/prop-types': 15.7.4
      '@types/scheduler': 0.16.2
      csstype: 3.0.9

  /@types/scheduler/0.16.2:
    resolution: {integrity: sha512-hppQEBDmlwhFAXKJX2KnWLYu5yMfi91yazPb2l+lbJiwW+wdo1gNeRA+3RgNSO39WYX2euey41KEwnqesU2Jew==}

  /@types/unist/2.0.6:
    resolution: {integrity: sha512-PBjIUxZHOuj0R15/xuwJYjFi+KZdNFrehocChv4g5hu6aFroHue8m0lBP0POdK2nKzbw0cgV1mws8+V/JAcEkQ==}
    dev: false

  /argparse/1.0.10:
    resolution: {integrity: sha512-o5Roy6tNG4SL/FOkCAN6RzjiakZS25RLYFrcMttJqbdd8BWrnA+fGz57iN5Pb06pvBGvl5gQ0B48dJlslXvoTg==}
    dependencies:
      sprintf-js: 1.0.3
    dev: false

  /argparse/2.0.1:
    resolution: {integrity: sha512-8+9WqebbFzpX9OR+Wa6O29asIogeRMzcGtAINdpMHHyAg10f05aSFVBbcEqGf/PXw1EjAZ+q2/bEBg3DvurK3Q==}
    dev: false

  /autolinker/3.14.3:
    resolution: {integrity: sha512-t81i2bCpS+s+5FIhatoww9DmpjhbdiimuU9ATEuLxtZMQ7jLv9fyFn7SWNG8IkEfD4AmYyirL1ss9k1aqVWRvg==}
    dependencies:
      tslib: 1.14.1
    dev: false

  /base64-js/1.5.1:
    resolution: {integrity: sha512-AKpaYlHn8t4SVbOHCy+b5+KKgvR4vrsD8vbvrbiQJps7fKDTkjkDry6ji0rUJjC0kzbNePLwzxq8iypo41qeWA==}
    dev: false

  /call-bind/1.0.2:
    resolution: {integrity: sha512-7O+FbCihrB5WGbFYesctwmTKae6rOiIzmz1icreWJ+0aA7LJfuqhEso2T9ncpcFtzMQtzXf2QGGueWJGTYsqrA==}
    dependencies:
      function-bind: 1.1.1
      get-intrinsic: 1.1.1
    dev: false

  /character-entities-legacy/1.1.4:
    resolution: {integrity: sha512-3Xnr+7ZFS1uxeiUDvV02wQ+QDbc55o97tIV5zHScSPJpcLm/r0DFPcoY3tYRp+VZukxuMeKgXYmsXQHO05zQeA==}
    dev: false

  /character-entities/1.2.4:
    resolution: {integrity: sha512-iBMyeEHxfVnIakwOuDXpVkc54HijNgCyQB2w0VfGQThle6NXn50zU6V/u+LDhxHcDUPojn6Kpga3PTAD8W1bQw==}
    dev: false

  /character-reference-invalid/1.1.4:
    resolution: {integrity: sha512-mKKUkUbhPpQlCOfIuZkvSEgktjPFIsZKRRbC6KWVEMvlzblj3i3asQv5ODsrwt0N3pHAEvjP8KTQPHkp0+6jOg==}
    dev: false

  /classnames/2.3.1:
    resolution: {integrity: sha512-OlQdbZ7gLfGarSqxesMesDa5uz7KFbID8Kpq/SxIoNGDqY8lSYs0D+hhtBXhcdB3rcbXArFr7vlHheLk1voeNA==}
    dev: false

  /comma-separated-tokens/1.0.8:
    resolution: {integrity: sha512-GHuDRO12Sypu2cV70d1dkA2EUmXHgntrzbpvOB+Qy+49ypNfGgFQIC2fhhXbnyrJRynDCAARsT7Ou0M6hirpfw==}
    dev: false

  /cookie/0.5.0:
    resolution: {integrity: sha512-YZ3GUyn/o8gfKJlnlX7g7xq4gyO6OSuhGPKaaGssGB2qgDUS0gPgtTvoyZLTt9Ab6dC4hfc9dV5arkvc/OCmrw==}
    engines: {node: '>= 0.6'}
    dev: false

  /copy-to-clipboard/3.3.1:
    resolution: {integrity: sha512-i13qo6kIHTTpCm8/Wup+0b1mVWETvu2kIMzKoK8FpkLkFxlt0znUAHcMzox+T8sPlqtZXq3CulEjQHsYiGFJUw==}
    dependencies:
      toggle-selection: 1.0.6
    dev: false

  /core-js-pure/3.22.5:
    resolution: {integrity: sha512-8xo9R00iYD7TcV7OrC98GwxiUEAabVWO3dix+uyWjnYrx9fyASLlIX+f/3p5dW5qByaP2bcZ8X/T47s55et/tA==}
    requiresBuild: true
    dev: false

  /cross-fetch/3.1.5:
    resolution: {integrity: sha512-lvb1SBsI0Z7GDwmuid+mU3kWVBwTVUbe7S0H52yaaAdQOXq2YktTCZdlAcNKFzE6QtRz0snpw9bNiPeOIkkQvw==}
    dependencies:
      node-fetch: 2.6.7
    transitivePeerDependencies:
      - encoding
    dev: false

  /css.escape/1.5.1:
    resolution: {integrity: sha1-QuJ9T6BK4y+TGktNQZH6nN3ul8s=}
    dev: false

  /csstype/3.0.9:
    resolution: {integrity: sha512-rpw6JPxK6Rfg1zLOYCSwle2GFOOsnjmDYDaBwEcwoOg4qlsIVCN789VkBZDJAGi4T07gI4YSutR43t9Zz4Lzuw==}

  /deep-extend/0.6.0:
    resolution: {integrity: sha512-LOHxIOaPYdHlJRtCQfDIVZtfw/ufM8+rVj649RIHzcm/vGwQRXFt6OPqIFWsm2XEMrNIEtWR64sY1LEKD2vAOA==}
    engines: {node: '>=4.0.0'}
    dev: false

  /deepmerge/4.2.2:
    resolution: {integrity: sha512-FJ3UgI4gIl+PHZm53knsuSFpE+nESMr7M4v9QcgB7S63Kj/6WqMiFQJpBBYz1Pt+66bZpP3Q7Lye0Oo9MPKEdg==}
    engines: {node: '>=0.10.0'}
    dev: false

  /dompurify/2.3.3:
    resolution: {integrity: sha512-dqnqRkPMAjOZE0FogZ+ceJNM2dZ3V/yNOuFB7+39qpO93hHhfRpHw3heYQC7DPK9FqbQTfBKUJhiSfz4MvXYwg==}
    dev: false

  /drange/1.1.1:
    resolution: {integrity: sha512-pYxfDYpued//QpnLIm4Avk7rsNtAtQkUES2cwAYSvD/wd2pKD71gN2Ebj3e7klzXwjocvE8c5vx/1fxwpqmSxA==}
    engines: {node: '>=4'}
    dev: false

  /fast-json-patch/3.1.1:
    resolution: {integrity: sha512-vf6IHUX2SBcA+5/+4883dsIjpBTqmfBjmYiWK1savxQmFk4JfBMLa7ynTYOs1Rolp/T1betJxHiGD3g1Mn8lUQ==}
    dev: false

  /fault/1.0.4:
    resolution: {integrity: sha512-CJ0HCB5tL5fYTEA7ToAq5+kTwd++Borf1/bifxd9iT70QcXr4MRrO3Llf8Ifs70q+SJcGHFtnIE/Nw6giCtECA==}
    dependencies:
      format: 0.2.2
    dev: false

  /form-data-encoder/1.7.2:
    resolution: {integrity: sha512-qfqtYan3rxrnCk1VYaA4H+Ms9xdpPqvLZa6xmMgFvhO32x7/3J/ExcTd6qpxM0vH2GdMI+poehyBZvqfMTto8A==}
    dev: false

  /format/0.2.2:
    resolution: {integrity: sha1-1hcBB+nv3E7TDJ3DkBbflCtctYs=}
    engines: {node: '>=0.4.x'}
    dev: false

  /formdata-node/4.3.2:
    resolution: {integrity: sha512-k7lYJyzDOSL6h917favP8j1L0/wNyylzU+x+1w4p5haGVHNlP58dbpdJhiCUsDbWsa9HwEtLp89obQgXl2e0qg==}
    engines: {node: '>= 12.20'}
    dependencies:
      node-domexception: 1.0.0
      web-streams-polyfill: 4.0.0-beta.1
    dev: false

  /function-bind/1.1.1:
    resolution: {integrity: sha512-yIovAzMX49sF8Yl58fSCWJ5svSLuaibPxXQJFLmBObTuCr0Mf1KiPopGM9NiFjiYBCbfaa2Fh6breQ6ANVTI0A==}
    dev: false

  /get-intrinsic/1.1.1:
    resolution: {integrity: sha512-kWZrnVM42QCiEA2Ig1bG8zjoIMOgxWwYCEeNdwY6Tv/cOSeGpcoX4pXHfKUxNKVoArnrEr2e9srnAxxGIraS9Q==}
    dependencies:
      function-bind: 1.1.1
      has: 1.0.3
      has-symbols: 1.0.3
    dev: false

  /has-symbols/1.0.3:
    resolution: {integrity: sha512-l3LCuF6MgDNwTDKkdYGEihYjt5pRPbEg46rtlmnSPlUbgmB8LOIrKJbYYFBSbnPaJexMKtiPO8hmeRjRz2Td+A==}
    engines: {node: '>= 0.4'}
    dev: false

  /has/1.0.3:
    resolution: {integrity: sha512-f2dvO0VU6Oej7RkWJGrehjbzMAjFp5/VKPp5tTpWIV4JHHZK1/BxbFRtf/siA2SWTe09caDmVtYYzWEIbBS4zw==}
    engines: {node: '>= 0.4.0'}
    dependencies:
      function-bind: 1.1.1
    dev: false

  /hast-util-parse-selector/2.2.5:
    resolution: {integrity: sha512-7j6mrk/qqkSehsM92wQjdIgWM2/BW61u/53G6xmC8i1OmEdKLHbk419QKQUjz6LglWsfqoiHmyMRkP1BGjecNQ==}
    dev: false

  /hastscript/6.0.0:
    resolution: {integrity: sha512-nDM6bvd7lIqDUiYEiu5Sl/+6ReP0BMk/2f4U/Rooccxkj0P5nm+acM5PrGJ/t5I8qPGiqZSE6hVAwZEdZIvP4w==}
    dependencies:
      '@types/hast': 2.3.4
      comma-separated-tokens: 1.0.8
      hast-util-parse-selector: 2.2.5
      property-information: 5.6.0
      space-separated-tokens: 1.1.5
    dev: false

  /highlight.js/10.7.3:
    resolution: {integrity: sha512-tzcUFauisWKNHaRkN4Wjl/ZA07gENAjFl3J/c480dprkGTg5EQstgaNFqBfUqCq54kZRIEcreTsAgF/m2quD7A==}
    dev: false

  /hoist-non-react-statics/3.3.2:
    resolution: {integrity: sha512-/gGivxi8JPKWNm/W0jSmzcMPpfpPLc3dY/6GxhX2hQ9iGj3aDfklV4ET7NjKpSinLpJ5vafa9iiGIEZg10SfBw==}
    dependencies:
      react-is: 16.13.1
    dev: false

  /ieee754/1.2.1:
    resolution: {integrity: sha512-dcyqhDvX1C46lXZcVqCpK+FtMRQVdIMN6/Df5js2zouUsqG7I6sFxitIC+7KYK29KdXOLHdu9zL4sFnoVQnqaA==}
    dev: false

  /immutable/3.8.2:
    resolution: {integrity: sha1-wkOZUUVbs5kT2vKBN28VMOEErfM=}
    engines: {node: '>=0.10.0'}
    dev: false

  /inherits/2.0.4:
    resolution: {integrity: sha512-k/vGaX4/Yla3WzyMCvTQOXYeIHvqOKtnqBduzTHpzpQZzAskKMhZ2K+EnBiSM9zGSoIFeMpXKxa4dYeZIQqewQ==}
    dev: false

  /invariant/2.2.4:
    resolution: {integrity: sha512-phJfQVBuaJM5raOpJjSfkiD6BpbCE4Ns//LaXl6wGYtUBY83nWS6Rf9tXm2e8VaK60JEjYldbPif/A2B1C2gNA==}
    dependencies:
      loose-envify: 1.4.0
    dev: false

  /is-alphabetical/1.0.4:
    resolution: {integrity: sha512-DwzsA04LQ10FHTZuL0/grVDk4rFoVH1pjAToYwBrHSxcrBIGQuXrQMtD5U1b0U2XVgKZCTLLP8u2Qxqhy3l2Vg==}
    dev: false

  /is-alphanumerical/1.0.4:
    resolution: {integrity: sha512-UzoZUr+XfVz3t3v4KyGEniVL9BDRoQtY7tOyrRybkVNjDFWyo1yhXNGrrBTQxp3ib9BLAWs7k2YKBQsFRkZG9A==}
    dependencies:
      is-alphabetical: 1.0.4
      is-decimal: 1.0.4
    dev: false

  /is-decimal/1.0.4:
    resolution: {integrity: sha512-RGdriMmQQvZ2aqaQq3awNA6dCGtKpiDFcOzrTWrDAT2MiWrKQVPmxLGHl7Y2nNu6led0kEyoX0enY0qXYsv9zw==}
    dev: false

  /is-dom/1.1.0:
    resolution: {integrity: sha512-u82f6mvhYxRPKpw8V1N0W8ce1xXwOrQtgGcxl6UCL5zBmZu3is/18K0rR7uFCnMDuAsS/3W54mGL4vsaFUQlEQ==}
    dependencies:
      is-object: 1.0.2
      is-window: 1.0.2
    dev: false

  /is-hexadecimal/1.0.4:
    resolution: {integrity: sha512-gyPJuv83bHMpocVYoqof5VDiZveEoGoFL8m3BXNb2VW8Xs+rz9kqO8LOQ5DH6EsuvilT1ApazU0pyl+ytbPtlw==}
    dev: false

  /is-object/1.0.2:
    resolution: {integrity: sha512-2rRIahhZr2UWb45fIOuvZGpFtz0TyOZLf32KxBbSoUCeZR495zCKlWUKKUByk3geS2eAs7ZAABt0Y/Rx0GiQGA==}
    dev: false

  /is-plain-object/5.0.0:
    resolution: {integrity: sha512-VRSzKkbMm5jMDoKLbltAkFQ5Qr7VDiTFGXxYFXXowVj387GeGNOCsOH6Msy00SGZ3Fp84b1Naa1psqgcCIEP5Q==}
    engines: {node: '>=0.10.0'}
    dev: false

  /is-window/1.0.2:
    resolution: {integrity: sha1-LIlspT25feRdPDMTOmXYyfVjSA0=}
    dev: false

  /js-file-download/0.4.12:
    resolution: {integrity: sha512-rML+NkoD08p5Dllpjo0ffy4jRHeY6Zsapvr/W86N7E0yuzAO6qa5X9+xog6zQNlH102J7IXljNY2FtS6Lj3ucg==}
    dev: false

  /js-tokens/4.0.0:
    resolution: {integrity: sha512-RdJUflcE3cUzKiMqQgsCu06FPu9UdIJO0beYbPhHN4k6apgJtifcoCtT9bcxOpYBtpD2kCM6Sbzg4CausW/PKQ==}
    dev: false

  /js-yaml/4.1.0:
    resolution: {integrity: sha512-wpxZs9NoxZaJESJGIZTyDEaYpl0FKSA+FB9aJiyemKhMwkxQg63h4T1KJgUGHpTqPDNRcmmYLugrRjJlBtWvRA==}
    hasBin: true
    dependencies:
      argparse: 2.0.1
    dev: false

  /lodash.debounce/4.0.8:
    resolution: {integrity: sha1-gteb/zCmfEAF/9XiUVMArZyk168=}
    dev: false

  /lodash/4.17.21:
    resolution: {integrity: sha512-v2kDEe57lecTulaDIuNTPy3Ry4gLGJ6Z1O3vE1krgXZNrsQ+LFTGHVxVjcXPs17LhbZVGedAJv8XZ1tvj5FvSg==}
    dev: false

  /loose-envify/1.4.0:
    resolution: {integrity: sha512-lyuxPGr/Wfhrlem2CL/UcnUc1zcqKAImBDzukY7Y5F/yQiNdko6+fRLevlw1HgMySw7f611UIY408EtxRSoK3Q==}
    hasBin: true
    dependencies:
      js-tokens: 4.0.0
    dev: false

  /lowlight/1.20.0:
    resolution: {integrity: sha512-8Ktj+prEb1RoCPkEOrPMYUN/nCggB7qAWe3a7OpMjWQkh3l2RD5wKRQ+o8Q8YuI9RG/xs95waaI/E6ym/7NsTw==}
    dependencies:
      fault: 1.0.4
      highlight.js: 10.7.3
    dev: false

  /node-domexception/1.0.0:
    resolution: {integrity: sha512-/jKZoMpw0F8GRwl4/eLROPA3cfcXtLApP0QzLmUT/HuPCZWyB7IY9ZrMeKw2O/nFIqPQB3PVM9aYm0F312AXDQ==}
    engines: {node: '>=10.5.0'}
    dev: false

  /node-fetch/2.6.7:
    resolution: {integrity: sha512-ZjMPFEfVx5j+y2yF35Kzx5sF7kDzxuDj6ziH4FFbOp87zKDZNx8yExJIb05OGF4Nlt9IHFIMBkRl41VdvcNdbQ==}
    engines: {node: 4.x || >=6.0.0}
    peerDependencies:
      encoding: ^0.1.0
    peerDependenciesMeta:
      encoding:
        optional: true
    dependencies:
      whatwg-url: 5.0.0
    dev: false

  /object-assign/4.1.1:
    resolution: {integrity: sha1-IQmtx5ZYh8/AXLvUQsrIv7s2CGM=}
    engines: {node: '>=0.10.0'}
    dev: false

  /object-inspect/1.12.0:
    resolution: {integrity: sha512-Ho2z80bVIvJloH+YzRmpZVQe87+qASmBUKZDWgx9cu+KDrX2ZDH/3tMy+gXbZETVGs2M8YdxObOh7XAtim9Y0g==}
    dev: false

  /parse-entities/2.0.0:
    resolution: {integrity: sha512-kkywGpCcRYhqQIchaWqZ875wzpS/bMKhz5HnN3p7wveJTkTtyAB/AlnS0f8DFSqYW1T82t6yEAkEcB+A1I3MbQ==}
    dependencies:
      character-entities: 1.2.4
      character-entities-legacy: 1.1.4
      character-reference-invalid: 1.1.4
      is-alphanumerical: 1.0.4
      is-decimal: 1.0.4
      is-hexadecimal: 1.0.4
    dev: false

  /prismjs/1.25.0:
    resolution: {integrity: sha512-WCjJHl1KEWbnkQom1+SzftbtXMKQoezOCYs5rECqMN+jP+apI7ftoflyqigqzopSO3hMhTEb0mFClA8lkolgEg==}
    dev: false

  /prop-types/15.8.1:
    resolution: {integrity: sha512-oj87CgZICdulUohogVAR7AjlC0327U4el4L6eAvOqCeudMDVU0NThNaV+b9Df4dXgSP1gXMTnPdhfe/2qDH5cg==}
    dependencies:
      loose-envify: 1.4.0
      object-assign: 4.1.1
      react-is: 16.13.1
    dev: false

  /property-information/5.6.0:
    resolution: {integrity: sha512-YUHSPk+A30YPv+0Qf8i9Mbfe/C0hdPXk1s1jPVToV8pk8BQtpw10ct89Eo7OWkutrwqvT0eicAxlOg3dOAu8JA==}
    dependencies:
      xtend: 4.0.2
    dev: false

  /punycode/1.3.2:
    resolution: {integrity: sha1-llOgNvt8HuQjQvIyXM7v6jkmxI0=}
    dev: false

  /qs/6.10.3:
    resolution: {integrity: sha512-wr7M2E0OFRfIfJZjKGieI8lBKb7fRCH4Fv5KNPEs7gJ8jadvotdsS08PzOKR7opXhZ/Xkjtt3WF9g38drmyRqQ==}
    engines: {node: '>=0.6'}
    dependencies:
      side-channel: 1.0.4
    dev: false

  /querystring/0.2.0:
    resolution: {integrity: sha1-sgmEkgO7Jd+CDadW50cAWHhSFiA=}
    engines: {node: '>=0.4.x'}
    deprecated: The querystring API is considered Legacy. new code should use the URLSearchParams API instead.
    dev: false

  /querystringify/2.2.0:
    resolution: {integrity: sha512-FIqgj2EUvTa7R50u0rGsyTftzjYmv/a3hO345bZNrqabNqjtgiDMgmo4mkUjd+nzU5oF3dClKqFIPUKybUyqoQ==}
    dev: false

  /randexp/0.5.3:
    resolution: {integrity: sha512-U+5l2KrcMNOUPYvazA3h5ekF80FHTUG+87SEAmHZmolh1M+i/WyTCxVzmi+tidIa1tM4BSe8g2Y/D3loWDjj+w==}
    engines: {node: '>=4'}
    dependencies:
      drange: 1.1.1
      ret: 0.2.2
    dev: false

  /randombytes/2.1.0:
    resolution: {integrity: sha512-vYl3iOX+4CKUWuxGi9Ukhie6fsqXqS9FE2Zaic4tNFD2N2QQaXOMFbuKK4QmDHC0JO6B1Zp41J0LpT0oR68amQ==}
    dependencies:
      safe-buffer: 5.2.1
    dev: false

  /react-copy-to-clipboard/5.0.4_react@17.0.2:
    resolution: {integrity: sha512-IeVAiNVKjSPeGax/Gmkqfa/+PuMTBhutEvFUaMQLwE2tS0EXrAdgOpWDX26bWTXF3HrioorR7lr08NqeYUWQCQ==}
    peerDependencies:
      react: ^15.3.0 || ^16.0.0 || ^17.0.0
    dependencies:
      copy-to-clipboard: 3.3.1
      prop-types: 15.8.1
      react: 17.0.2
    dev: false

  /react-debounce-input/3.2.4_react@17.0.2:
    resolution: {integrity: sha512-fX70bNj0fLEYO2Zcvuh7eh9wOUQ29GIx6r8IxIJlc0i0mpUH++9ax0BhfAYfzndADli3RAMROrZQ014J01owrg==}
    peerDependencies:
      react: ^15.3.0 || ^16.0.0 || ^17.0.0
    dependencies:
      lodash.debounce: 4.0.8
      prop-types: 15.8.1
      react: 17.0.2
    dev: false

  /react-dom/17.0.2_react@17.0.2:
    resolution: {integrity: sha512-s4h96KtLDUQlsENhMn1ar8t2bEa+q/YAtj8pPPdIjPDGBDIVNsrD9aXNWqspUe6AzKCIG0C1HZZLqLV7qpOBGA==}
    peerDependencies:
      react: 17.0.2
    dependencies:
      loose-envify: 1.4.0
      object-assign: 4.1.1
      react: 17.0.2
      scheduler: 0.20.2
    dev: false

  /react-immutable-proptypes/2.2.0_immutable@3.8.2:
    resolution: {integrity: sha512-Vf4gBsePlwdGvSZoLSBfd4HAP93HDauMY4fDjXhreg/vg6F3Fj/MXDNyTbltPC/xZKmZc+cjLu3598DdYK6sgQ==}
    peerDependencies:
      immutable: '>=3.6.2'
    dependencies:
      immutable: 3.8.2
      invariant: 2.2.4
    dev: false

  /react-immutable-pure-component/2.2.2_xuna42ff4dsik7bgiahtwx36tu:
    resolution: {integrity: sha512-vkgoMJUDqHZfXXnjVlG3keCxSO/U6WeDQ5/Sl0GK2cH8TOxEzQ5jXqDXHEL/jqk6fsNxV05oH5kD7VNMUE2k+A==}
    peerDependencies:
      immutable: '>= 2 || >= 4.0.0-rc'
      react: '>= 16.6'
      react-dom: '>= 16.6'
    dependencies:
      immutable: 3.8.2
      react: 17.0.2
      react-dom: 17.0.2_react@17.0.2
    dev: false

  /react-inspector/5.1.1_react@17.0.2:
    resolution: {integrity: sha512-GURDaYzoLbW8pMGXwYPDBIv6nqei4kK7LPRZ9q9HCZF54wqXz/dnylBp/kfE9XmekBhHvLDdcYeyIwSrvtOiWg==}
    peerDependencies:
      react: ^16.8.4 || ^17.0.0
    dependencies:
      '@babel/runtime': 7.16.0
      is-dom: 1.1.0
      prop-types: 15.8.1
      react: 17.0.2
    dev: false

  /react-is/16.13.1:
    resolution: {integrity: sha512-24e6ynE2H+OKt4kqsOvNd8kBpV65zoxbA4BVsEOB3ARVWQki/DHzaUoC5KuON/BiccDaCCTZBuOcfZs70kR8bQ==}
    dev: false

  /react-is/17.0.2:
    resolution: {integrity: sha512-w2GsyukL62IJnlaff/nRegPQR94C/XXamvMWmSHRJ4y7Ts/4ocGRmTHvOs8PSE6pB3dWOrD/nueuU5sduBsQ4w==}
    dev: false

  /react-redux/7.2.6_sfoxds7t5ydpegc3knd667wn6m:
    resolution: {integrity: sha512-10RPdsz0UUrRL1NZE0ejTkucnclYSgXp5q+tB5SWx2qeG2ZJQJyymgAhwKy73yiL/13btfB6fPr+rgbMAaZIAQ==}
    peerDependencies:
      react: ^16.8.3 || ^17
      react-dom: '*'
      react-native: '*'
    peerDependenciesMeta:
      react-dom:
        optional: true
      react-native:
        optional: true
    dependencies:
      '@babel/runtime': 7.16.0
      '@types/react-redux': 7.1.20
      hoist-non-react-statics: 3.3.2
      loose-envify: 1.4.0
      prop-types: 15.8.1
      react: 17.0.2
      react-dom: 17.0.2_react@17.0.2
      react-is: 17.0.2
    dev: false

  /react-syntax-highlighter/15.4.5_react@17.0.2:
    resolution: {integrity: sha512-RC90KQTxZ/b7+9iE6s9nmiFLFjWswUcfULi4GwVzdFVKVMQySkJWBuOmJFfjwjMVCo0IUUuJrWebNKyviKpwLQ==}
    peerDependencies:
      react: '>= 0.14.0'
    dependencies:
      '@babel/runtime': 7.16.3
      highlight.js: 10.7.3
      lowlight: 1.20.0
      prismjs: 1.25.0
      react: 17.0.2
      refractor: 3.5.0
    dev: false

  /react/17.0.2:
    resolution: {integrity: sha512-gnhPt75i/dq/z3/6q/0asP78D0u592D5L1pd7M8P+dck6Fu/jJeL6iVVK23fptSUZj8Vjf++7wXA8UNclGQcbA==}
    engines: {node: '>=0.10.0'}
    dependencies:
      loose-envify: 1.4.0
      object-assign: 4.1.1
    dev: false

  /redux-immutable/4.0.0_immutable@3.8.2:
    resolution: {integrity: sha1-Ohoy32Y2ZGK2NpHw4dw15HK7yfM=}
    peerDependencies:
      immutable: ^3.8.1 || ^4.0.0-rc.1
    dependencies:
      immutable: 3.8.2
    dev: false

  /redux/4.1.2:
    resolution: {integrity: sha512-SH8PglcebESbd/shgf6mii6EIoRM0zrQyjcuQ+ojmfxjTtE0z9Y8pa62iA/OJ58qjP6j27uyW4kUF4jl/jd6sw==}
    dependencies:
      '@babel/runtime': 7.16.0
    dev: false

  /refractor/3.5.0:
    resolution: {integrity: sha512-QwPJd3ferTZ4cSPPjdP5bsYHMytwWYnAN5EEnLtGvkqp/FCCnGsBgxrm9EuIDnjUC3Uc/kETtvVi7fSIVC74Dg==}
    dependencies:
      hastscript: 6.0.0
      parse-entities: 2.0.0
      prismjs: 1.25.0
    dev: false

  /regenerator-runtime/0.13.9:
    resolution: {integrity: sha512-p3VT+cOEgxFsRRA9X4lkI1E+k2/CtnKtU4gcxyaCUreilL/vqI6CdZ3wxVUx3UOUg+gnUOQQcRI7BmSI656MYA==}
    dev: false

  /remarkable/2.0.1:
    resolution: {integrity: sha512-YJyMcOH5lrR+kZdmB0aJJ4+93bEojRZ1HGDn9Eagu6ibg7aVZhc3OWbbShRid+Q5eAfsEqWxpe+g5W5nYNfNiA==}
    engines: {node: '>= 6.0.0'}
    hasBin: true
    dependencies:
      argparse: 1.0.10
      autolinker: 3.14.3
    dev: false

  /repeat-string/1.6.1:
    resolution: {integrity: sha1-jcrkcOHIirwtYA//Sndihtp15jc=}
    engines: {node: '>=0.10'}
    dev: false

  /requires-port/1.0.0:
    resolution: {integrity: sha1-kl0mAdOaxIXgkc8NpcbmlNw9yv8=}
    dev: false

  /reselect/4.1.5:
    resolution: {integrity: sha512-uVdlz8J7OO+ASpBYoz1Zypgx0KasCY20H+N8JD13oUMtPvSHQuscrHop4KbXrbsBcdB9Ds7lVK7eRkBIfO43vQ==}
    dev: false

  /ret/0.2.2:
    resolution: {integrity: sha512-M0b3YWQs7R3Z917WRQy1HHA7Ba7D8hvZg6UE5mLykJxQVE2ju0IXbGlaHPPlkY+WN7wFP+wUMXmBFA0aV6vYGQ==}
    engines: {node: '>=4'}
    dev: false

  /safe-buffer/5.2.1:
    resolution: {integrity: sha512-rp3So07KcdmmKbGvgaNxQSJr7bGVSVk5S9Eq1F+ppbRo70+YeaDxkw5Dd8NPN+GD6bjnYm2VuPuCXmpuYvmCXQ==}
    dev: false

  /scheduler/0.20.2:
    resolution: {integrity: sha512-2eWfGgAqqWFGqtdMmcL5zCMK1U8KlXv8SQFGglL3CEtd0aDVDWgeF/YoCmvln55m5zSk3J/20hTaSBeSObsQDQ==}
    dependencies:
      loose-envify: 1.4.0
      object-assign: 4.1.1
    dev: false

  /serialize-error/8.1.0:
    resolution: {integrity: sha512-3NnuWfM6vBYoy5gZFvHiYsVbafvI9vZv/+jlIigFn4oP4zjNPK3LhcY0xSCgeb1a5L8jO71Mit9LlNoi2UfDDQ==}
    engines: {node: '>=10'}
    dependencies:
      type-fest: 0.20.2
    dev: false

  /sha.js/2.4.11:
    resolution: {integrity: sha512-QMEp5B7cftE7APOjk5Y6xgrbWu+WkLVQwk8JNjZ8nKRciZaByEW6MubieAiToS7+dwvrjGhH8jRXz3MVd0AYqQ==}
    hasBin: true
    dependencies:
      inherits: 2.0.4
      safe-buffer: 5.2.1
    dev: false

  /side-channel/1.0.4:
    resolution: {integrity: sha512-q5XPytqFEIKHkGdiMIrY10mvLRvnQh42/+GoBlFW3b2LXLE2xxJpZFdm94we0BaoV3RwJyGqg5wS7epxTv0Zvw==}
    dependencies:
      call-bind: 1.0.2
      get-intrinsic: 1.1.1
      object-inspect: 1.12.0
    dev: false

  /space-separated-tokens/1.1.5:
    resolution: {integrity: sha512-q/JSVd1Lptzhf5bkYm4ob4iWPjx0KiRe3sRFBNrVqbJkFaBm5vbbowy1mymoPNLRa52+oadOhJ+K49wsSeSjTA==}
    dev: false

  /sprintf-js/1.0.3:
    resolution: {integrity: sha1-BOaSb2YolTVPPdAVIDYzuFcpfiw=}
    dev: false

  /swagger-client/3.18.5:
    resolution: {integrity: sha512-c0txGDtfQTJnaIBaEKCwtRNcUaaAfj+RXI4QVV9p3WW+AUCQqp4naCjaDNNsOfMkE4ySyhnblbL+jGqAVC7snw==}
    dependencies:
      '@babel/runtime-corejs3': 7.17.9
      cookie: 0.5.0
      cross-fetch: 3.1.5
      deepmerge: 4.2.2
      fast-json-patch: 3.1.1
      form-data-encoder: 1.7.2
      formdata-node: 4.3.2
      is-plain-object: 5.0.0
      js-yaml: 4.1.0
      lodash: 4.17.21
      qs: 6.10.3
      traverse: 0.6.6
      url: 0.11.0
    transitivePeerDependencies:
      - encoding
    dev: false

  /swagger-ui/4.11.1:
    resolution: {integrity: sha512-+Yc9qdIvDGoEsQMXQig4b8sYgvB3gU2IZH+ZTZBsIgK8NsQWkuMRIXd0CqsFKd8lm0ui2BqhSxRnIOIGihASUg==}
    dependencies:
      '@babel/runtime-corejs3': 7.17.9
      '@braintree/sanitize-url': 6.0.0
      base64-js: 1.5.1
      classnames: 2.3.1
      css.escape: 1.5.1
      deep-extend: 0.6.0
      dompurify: 2.3.3
      ieee754: 1.2.1
      immutable: 3.8.2
      js-file-download: 0.4.12
      js-yaml: 4.1.0
      lodash: 4.17.21
      prop-types: 15.8.1
      randexp: 0.5.3
      randombytes: 2.1.0
      react: 17.0.2
      react-copy-to-clipboard: 5.0.4_react@17.0.2
      react-debounce-input: 3.2.4_react@17.0.2
      react-dom: 17.0.2_react@17.0.2
      react-immutable-proptypes: 2.2.0_immutable@3.8.2
      react-immutable-pure-component: 2.2.2_xuna42ff4dsik7bgiahtwx36tu
      react-inspector: 5.1.1_react@17.0.2
      react-redux: 7.2.6_sfoxds7t5ydpegc3knd667wn6m
      react-syntax-highlighter: 15.4.5_react@17.0.2
      redux: 4.1.2
      redux-immutable: 4.0.0_immutable@3.8.2
      remarkable: 2.0.1
      reselect: 4.1.5
      serialize-error: 8.1.0
      sha.js: 2.4.11
      swagger-client: 3.18.5
      url-parse: 1.5.10
      xml: 1.0.1
      xml-but-prettier: 1.0.1
      zenscroll: 4.0.2
    transitivePeerDependencies:
      - encoding
      - react-native
    dev: false

  /toggle-selection/1.0.6:
    resolution: {integrity: sha1-bkWxJj8gF/oKzH2J14sVuL932jI=}
    dev: false

  /tr46/0.0.3:
    resolution: {integrity: sha1-gYT9NH2snNwYWZLzpmIuFLnZq2o=}
    dev: false

  /traverse/0.6.6:
    resolution: {integrity: sha1-y99WD9e5r2MlAv7UD5GMFX6pcTc=}
    dev: false

  /tslib/1.14.1:
    resolution: {integrity: sha512-Xni35NKzjgMrwevysHTCArtLDpPvye8zV/0E4EyYn43P7/7qvQwPh9BGkHewbMulVntbigmcT7rdX3BNo9wRJg==}
    dev: false

  /type-fest/0.20.2:
    resolution: {integrity: sha512-Ne+eE4r0/iWnpAxD852z3A+N0Bt5RN//NjJwRd2VFHEmrywxf5vsZlh4R6lixl6B+wz/8d+maTSAkN1FIkI3LQ==}
    engines: {node: '>=10'}
    dev: false

  /url-parse/1.5.10:
    resolution: {integrity: sha512-WypcfiRhfeUP9vvF0j6rw0J3hrWrw6iZv3+22h6iRMJ/8z1Tj6XfLP4DsUix5MhMPnXpiHDoKyoZ/bdCkwBCiQ==}
    dependencies:
      querystringify: 2.2.0
      requires-port: 1.0.0
    dev: false

  /url/0.11.0:
    resolution: {integrity: sha1-ODjpfPxgUh63PFJajlW/3Z4uKPE=}
    dependencies:
      punycode: 1.3.2
      querystring: 0.2.0
    dev: false

  /web-streams-polyfill/4.0.0-beta.1:
    resolution: {integrity: sha512-3ux37gEX670UUphBF9AMCq8XM6iQ8Ac6A+DSRRjDoRBm1ufCkaCDdNVbaqq60PsEkdNlLKrGtv/YBP4EJXqNtQ==}
    engines: {node: '>= 12'}
    dev: false

  /webidl-conversions/3.0.1:
    resolution: {integrity: sha1-JFNCdeKnvGvnvIZhHMFq4KVlSHE=}
    dev: false

  /whatwg-url/5.0.0:
    resolution: {integrity: sha1-lmRU6HZUYuN2RNNib2dCzotwll0=}
    dependencies:
      tr46: 0.0.3
      webidl-conversions: 3.0.1
    dev: false

  /xml-but-prettier/1.0.1:
    resolution: {integrity: sha1-9aMyZ+1CzNTjVcYlV6XjmwH7QPM=}
    dependencies:
      repeat-string: 1.6.1
    dev: false

  /xml/1.0.1:
    resolution: {integrity: sha1-eLpyAgApxbyHuKgaPPzXS0ovweU=}
    dev: false

  /xtend/4.0.2:
    resolution: {integrity: sha512-LKYU1iAXJXUgAXn9URjiu+MWhyUXHsvfp7mcuYm9dSUKK0/CjtrUwFAxD82/mCWbtLsGjFIad0wIsod4zrTAEQ==}
    engines: {node: '>=0.4'}
    dev: false

  /zenscroll/4.0.2:
    resolution: {integrity: sha1-6NV3TRwHOKR7z6hynzcS4t7d6yU=}
    dev: false
