lockfileVersion: '6.0'

dependencies:
  pegjs:
    specifier: ^0.10.0
    version: 0.10.0
  phpegjs:
    specifier: ^1.0.0-beta7
    version: 1.0.0-beta7(pegjs@0.10.0)

packages:

  /pegjs@0.10.0:
    resolution: {integrity: sha1-z4uvrm7d/0tafvsYUmnqr0YQ3b0=}
    engines: {node: '>=0.10'}
    hasBin: true
    dev: false

  /phpegjs@1.0.0-beta7(pegjs@0.10.0):
    resolution: {integrity: sha1-uLbthQGYB//Q7+ID4AKj5e2LTZQ=}
    peerDependencies:
      pegjs: ^0.10.0
    dependencies:
      pegjs: 0.10.0
    dev: false
