lockfileVersion: '6.0'

settings:
  autoInstallPeers: false
  excludeLinksFromLockfile: false

patchedDependencies:
  print-js@1.6.0:
    hash: aysas3g4fprls2nd42uasotov4
    path: patches/print-js@1.6.0.patch

dependencies:
  '@tuleap/fault':
    specifier: workspace:*
    version: link:../fault
  dompurify:
    specifier: ^3.1.4
    version: 3.1.6
  neverthrow:
    specifier: ^6.0.0
    version: 6.2.2
  print-js:
    specifier: ^1.6.0
    version: 1.6.0(patch_hash=aysas3g4fprls2nd42uasotov4)

devDependencies:
  '@tuleap/build-system-configurator':
    specifier: workspace:*
    version: link:../build-system-configurator
  '@types/dompurify':
    specifier: ^3.0.5
    version: 3.0.5

packages:

  /@types/dompurify@3.0.5:
    resolution: {integrity: sha512-1Wg0g3BtQF7sSb27fJQAKck1HECM6zV1EB66j8JH9i3LCjYabJa0FSdiSgsD5K/RbrsR0SiraKacLB+T8ZVYAg==}
    dependencies:
      '@types/trusted-types': 2.0.7
    dev: true

  /@types/trusted-types@2.0.7:
    resolution: {integrity: sha512-ScaPdn1dQczgbl0QFTeTOmVHFULt394XJgOQNoyVhZ6r2vLnMLJfBPd53SB52T/3G36VI1/g2MZaX0cwDuXsfw==}
    dev: true

  /dompurify@3.1.6:
    resolution: {integrity: sha512-cTOAhc36AalkjtBpfG6O8JimdTMWNXjiePT2xQH/ppBGi/4uIpmj8eKyIkMJErXWARyINV/sB38yf8JCLF5pbQ==}
    dev: false

  /neverthrow@6.2.2:
    resolution: {integrity: sha512-POR1FACqdK9jH0S2kRPzaZEvzT11wsOxLW520PQV/+vKi9dQe+hXq19EiOvYx7lSRaF5VB9lYGsPInynrnN05w==}
    dev: false

  /print-js@1.6.0(patch_hash=aysas3g4fprls2nd42uasotov4):
    resolution: {integrity: sha512-BfnOIzSKbqGRtO4o0rnj/K3681BSd2QUrsIZy/+WdCIugjIswjmx3lDEZpXB2ruGf9d4b3YNINri81+J0FsBWg==}
    dev: false
    patched: true
