lockfileVersion: 5.4

specifiers:
  '@tuleap/core-rest-api-types': link:../../../../../lib/frontend/rest-api-types
  '@tuleap/plugin-tracker-constants': link:../constants

dependencies:
  '@tuleap/core-rest-api-types': link:../../../../../lib/frontend/rest-api-types
  '@tuleap/plugin-tracker-constants': link:../constants
