{
  "name": "@tuleap/plugin-agiledashboard-planning-v2",
  "requires": true,
  "lockfileVersion": 1,
  "dependencies": {
    "angular": {
      "version": "1.7.9",
      "resolved": "https://registry.npmjs.org/angular/-/angular-1.7.9.tgz",
      "integrity": "sha512-5se7ZpcOtu0MBFlzGv5dsM1quQDoDeUTwZrWjGtTNA7O88cD8TEk5IEKCTDa3uECV9XnvKREVUr7du1ACiWGFQ=="
    },
    "angular-animate": {
      "version": "1.7.9",
      "resolved": "https://registry.npmjs.org/angular-animate/-/angular-animate-1.7.9.tgz",
      "integrity": "sha512-fV+AISy/HTzurQH2ngsJg+lLIvfu0ahc1h4AYKauaXVw97rZc2k4iUA1bMstiEyClsdayQX568kjQc1NK+oYhw=="
    },
    "angular-gettext": {
      "version": "2.4.1",
      "resolved": "https://registry.npmjs.org/angular-gettext/-/angular-gettext-2.4.1.tgz",
      "integrity": "sha512-+Ba6mY5hPdka68rxLuXk7HCDFeiS6EIHFTKgTT0tTVtgap6gNdJzmydb8Niqs5aylf8U3B7+m1ETzppE/qtgKw=="
    },
    "angular-mocks": {
      "version": "1.7.9",
      "resolved": "https://registry.npmjs.org/angular-mocks/-/angular-mocks-1.7.9.tgz",
      "integrity": "sha512-LQRqqiV3sZ7NTHBnNmLT0bXtE5e81t97+hkJ56oU0k3dqKv1s6F+nBWRlOVzqHWPGFOiPS8ZJVdrS8DFzHyNIA==",
      "dev": true
    },
    "angular-moment": {
      "version": "1.3.0",
      "resolved": "https://registry.npmjs.org/angular-moment/-/angular-moment-1.3.0.tgz",
      "integrity": "sha512-KG8rvO9MoaBLwtGnxTeUveSyNtrL+RNgGl1zqWN36+HDCCVGk2DGWOzqKWB6o+eTTbO3Opn4hupWKIElc8XETA==",
      "requires": {
        "moment": ">=2.8.0 <3.0.0"
      }
    },
    "angular-sanitize": {
      "version": "1.7.9",
      "resolved": "https://registry.npmjs.org/angular-sanitize/-/angular-sanitize-1.7.9.tgz",
      "integrity": "sha512-nB/xe7JQWF9nLvhHommAICQ3eWrfRETo0EVGFESi952CDzDa+GAJ/2BFBNw44QqQPxj1Xua/uYKrbLsOGWZdbQ=="
    },
    "animate.css": {
      "version": "3.5.2",
      "resolved": "https://registry.npmjs.org/animate.css/-/animate.css-3.5.2.tgz",
      "integrity": "sha1-keZo3AaagI5eSZUUhnuXquAWbDY="
    },
    "dragular": {
      "version": "4.6.0",
      "resolved": "https://registry.npmjs.org/dragular/-/dragular-4.6.0.tgz",
      "integrity": "sha512-uddjvzIIkMAEVRYIjk230qild9T/OmTg7WBcOeTt3lTy6rAfYVMCNJfuBbCc2Fyfrj9YDtii9OUOBDL/ANDNMQ==",
      "requires": {
        "angular": "^1.6.5"
      }
    },
    "jquery": {
      "version": "3.4.1",
      "resolved": "https://registry.npmjs.org/jquery/-/jquery-3.4.1.tgz",
      "integrity": "sha512-36+AdBzCL+y6qjw5Tx7HgzeGCzC81MDDgaUP8ld2zhx58HdqXGoBd+tHdrBMiyjGQs0Hxs/MLZTu/eHNJJuWPw==",
      "dev": true
    },
    "lodash": {
      "version": "2.4.0",
      "resolved": "https://registry.npmjs.org/lodash/-/lodash-2.4.0.tgz",
      "integrity": "sha1-VQdJgogzgba3E0t0KlkAu72rawk="
    },
    "moment": {
      "version": "2.18.1",
      "resolved": "https://registry.npmjs.org/moment/-/moment-2.18.1.tgz",
      "integrity": "sha1-w2GT3Tzhwu7SrbfIAtu8d6gbHA8="
    },
    "restangular": {
      "version": "1.4.0",
      "resolved": "https://registry.npmjs.org/restangular/-/restangular-1.4.0.tgz",
      "integrity": "sha1-lV8i0yj0PA+0GCEoYjBE06lGHxc=",
      "requires": {
        "lodash": ">=1.3.0 <2.5.0"
      }
    },
    "sprintf-js": {
      "version": "1.1.2",
      "resolved": "https://registry.npmjs.org/sprintf-js/-/sprintf-js-1.1.2.tgz",
      "integrity": "sha512-VE0SOVEHCk7Qc8ulkWw3ntAzXuqf7S2lvwQaDLRnUeIEaKNQJzV6BwmLKhOqT61aGhfUMrXeaBk+oDGCzvhcug=="
    }
  }
}
