lockfileVersion: 5.4

specifiers:
  '@tuleap/build-system-configurator': workspace:*
  '@tuleap/filter-inline-table': workspace:*
  '@tuleap/tlp-modal': workspace:*

dependencies:
  '@tuleap/filter-inline-table': link:../../../../lib/frontend/filter-table
  '@tuleap/tlp-modal': link:../../../../lib/frontend/tlp-modal

devDependencies:
  '@tuleap/build-system-configurator': link:../../../../lib/frontend/build-system-configurator
