lockfileVersion: '6.0'

settings:
  autoInstallPeers: false
  excludeLinksFromLockfile: false

dependencies:
  xlsx:
    specifier: git+https://tuleap.net/plugins/git/tuleap/deps/sheetjs.git#8a7cfd47bde8258c0d91df6a737bf0136699cdf8
    version: tuleap.net/plugins/git/tuleap/deps/sheetjs/8a7cfd47bde8258c0d91df6a737bf0136699cdf8

devDependencies:
  '@tuleap/build-system-configurator':
    specifier: workspace:*
    version: link:../../../../../lib/frontend/build-system-configurator

packages:

  tuleap.net/plugins/git/tuleap/deps/sheetjs/8a7cfd47bde8258c0d91df6a737bf0136699cdf8:
    resolution: {commit: 8a7cfd47bde8258c0d91df6a737bf0136699cdf8, repo: https://tuleap.net/plugins/git/tuleap/deps/sheetjs.git, type: git}
    name: xlsx
    version: 0.20.3
    engines: {node: '>=0.8'}
    hasBin: true
    dev: false
