lockfileVersion: '6.0'

dependencies:
  xlsx:
    specifier: git+https://git.sheetjs.com/sheetjs/sheetjs.git#333e4e40f9c5603bd22a811f54c61c20bc9e17ab
    version: git.sheetjs.com/sheetjs/sheetjs/333e4e40f9c5603bd22a811f54c61c20bc9e17ab

devDependencies:
  '@tuleap/build-system-configurator':
    specifier: workspace:*
    version: link:../../../../../lib/frontend/build-system-configurator

packages:

  git.sheetjs.com/sheetjs/sheetjs/333e4e40f9c5603bd22a811f54c61c20bc9e17ab:
    resolution: {commit: 333e4e40f9c5603bd22a811f54c61c20bc9e17ab, repo: https://git.sheetjs.com/sheetjs/sheetjs.git, type: git}
    name: xlsx
    version: 0.19.3
    engines: {node: '>=0.8'}
    hasBin: true
    dev: false
