{
  "name": "tuleap-releasewidget",
  "version": "1.0.0",
  "lockfileVersion": 1,
  "requires": true,
  "dependencies": {
    "@types/d3-array": {
      "version": "2.0.0",
      "resolved": "https://registry.npmjs.org/@types/d3-array/-/d3-array-2.0.0.tgz",
      "integrity": "sha512-rGqfPVowNDTszSFvwoZIXvrPG7s/qKzm9piCRIH6xwTTRu7pPZ3ootULFnPkTt74B6i5lN0FpLQL24qGOw1uZA==",
      "dev": true
    },
    "@types/d3-selection": {
      "version": "1.4.1",
      "resolved": "https://registry.npmjs.org/@types/d3-selection/-/d3-selection-1.4.1.tgz",
      "integrity": "sha512-bv8IfFYo/xG6dxri9OwDnK3yCagYPeRIjTlrcdYJSx+FDWlCeBDepIHUpqROmhPtZ53jyna0aUajZRk0I3rXNA==",
      "dev": true
    },
    "@types/sprintf-js": {
      "version": "1.1.2",
      "resolved": "https://registry.npmjs.org/@types/sprintf-js/-/sprintf-js-1.1.2.tgz",
      "integrity": "sha512-hkgzYF+qnIl8uTO8rmUSVSfQ8BIfMXC4yJAF4n8BE758YsKBZvFC4NumnAegj7KmylP0liEZNpb9RRGFMbFejA==",
      "dev": true
    },
    "@vue/test-utils": {
      "version": "1.0.0-beta.29",
      "resolved": "https://registry.npmjs.org/@vue/test-utils/-/test-utils-1.0.0-beta.29.tgz",
      "integrity": "sha512-yX4sxEIHh4M9yAbLA/ikpEnGKMNBCnoX98xE1RwxfhQVcn0MaXNSj1Qmac+ZydTj6VBSEVukchBogXBTwc+9iA==",
      "dev": true,
      "requires": {
        "dom-event-types": "^1.0.0",
        "lodash": "^4.17.4"
      }
    },
    "d3-array": {
      "version": "2.4.0",
      "resolved": "https://registry.npmjs.org/d3-array/-/d3-array-2.4.0.tgz",
      "integrity": "sha512-KQ41bAF2BMakf/HdKT865ALd4cgND6VcIztVQZUTt0+BH3RWy6ZYnHghVXf6NFjt2ritLr8H1T8LreAAlfiNcw=="
    },
    "d3-selection": {
      "version": "1.4.1",
      "resolved": "https://registry.npmjs.org/d3-selection/-/d3-selection-1.4.1.tgz",
      "integrity": "sha512-BTIbRjv/m5rcVTfBs4AMBLKs4x8XaaLkwm28KWu9S2vKNqXkXt2AH2Qf0sdPZHjFxcWg/YL53zcqAz+3g4/7PA=="
    },
    "de-indent": {
      "version": "1.0.2",
      "resolved": "https://registry.npmjs.org/de-indent/-/de-indent-1.0.2.tgz",
      "integrity": "sha1-sgOOhG3DO6pXlhKNCAS0VbjB4h0="
    },
    "dom-event-types": {
      "version": "1.0.0",
      "resolved": "https://registry.npmjs.org/dom-event-types/-/dom-event-types-1.0.0.tgz",
      "integrity": "sha512-2G2Vwi2zXTHBGqXHsJ4+ak/iP0N8Ar+G8a7LiD2oup5o4sQWytwqqrZu/O6hIMV0KMID2PL69OhpshLO0n7UJQ==",
      "dev": true
    },
    "dompurify": {
      "version": "2.0.7",
      "resolved": "https://registry.npmjs.org/dompurify/-/dompurify-2.0.7.tgz",
      "integrity": "sha512-S3O0lk6rFJtO01ZTzMollCOGg+WAtCwS3U5E2WSDY/x/sy7q70RjEC4Dmrih5/UqzLLB9XoKJ8KqwBxaNvBu4A=="
    },
    "he": {
      "version": "1.2.0",
      "resolved": "https://registry.npmjs.org/he/-/he-1.2.0.tgz",
      "integrity": "sha512-F/1DnUGPopORZi0ni+CvrCgHQ5FyEAHRLSApuYWMmrbSwoN2Mn/7k+Gl38gJnR7yyDZk6WLXwiGod1JOWNDKGw=="
    },
    "lodash": {
      "version": "4.17.11",
      "resolved": "https://registry.npmjs.org/lodash/-/lodash-4.17.11.tgz",
      "integrity": "sha512-cQKh8igo5QUhZ7lg38DYWAxMvjSAKG0A8wGSVimP07SIUEK2UO+arSRKbRZWtelMtN5V0Hkwh5ryOto/SshYIg==",
      "dev": true
    },
    "sprintf-js": {
      "version": "1.1.2",
      "resolved": "https://registry.npmjs.org/sprintf-js/-/sprintf-js-1.1.2.tgz",
      "integrity": "sha512-VE0SOVEHCk7Qc8ulkWw3ntAzXuqf7S2lvwQaDLRnUeIEaKNQJzV6BwmLKhOqT61aGhfUMrXeaBk+oDGCzvhcug=="
    },
    "vue": {
      "version": "2.6.10",
      "resolved": "https://registry.npmjs.org/vue/-/vue-2.6.10.tgz",
      "integrity": "sha512-ImThpeNU9HbdZL3utgMCq0oiMzAkt1mcgy3/E6zWC/G6AaQoeuFdsl9nDhTDU3X1R6FK7nsIUuRACVcjI+A2GQ=="
    },
    "vue-class-component": {
      "version": "7.1.0",
      "resolved": "https://registry.npmjs.org/vue-class-component/-/vue-class-component-7.1.0.tgz",
      "integrity": "sha512-G9152NzUkz0i0xTfhk0Afc8vzdXxDR1pfN4dTwE72cskkgJtdXfrKBkMfGvDuxUh35U500g5Ve4xL8PEGdWeHg==",
      "dev": true
    },
    "vue-dompurify-html": {
      "version": "2.1.1",
      "resolved": "https://registry.npmjs.org/vue-dompurify-html/-/vue-dompurify-html-2.1.1.tgz",
      "integrity": "sha512-wAf83H+/YLK3ekJTGpoyUkEnDw1Csn8vQ1kyz75lqapRDeJ64kCcCsp9vw0026hBVVbthLezUIVKQvaZSNECUQ==",
      "requires": {
        "dompurify": "^2.0.0"
      }
    },
    "vue-property-decorator": {
      "version": "8.2.1",
      "resolved": "https://registry.npmjs.org/vue-property-decorator/-/vue-property-decorator-8.2.1.tgz",
      "integrity": "sha512-zgtcvzGB2JpDqnIxVhTK+6m+dv3uyhYs+tL8elL+DWiXj9kDonKcPY7f1DHYX1NlnWPCj7ht0nL/i8+S1gg76Q==",
      "dev": true,
      "requires": {
        "vue": "^2.6.10",
        "vue-class-component": "^7.0.1"
      }
    },
    "vue-template-compiler": {
      "version": "2.6.10",
      "resolved": "https://registry.npmjs.org/vue-template-compiler/-/vue-template-compiler-2.6.10.tgz",
      "integrity": "sha512-jVZkw4/I/HT5ZMvRnhv78okGusqe0+qH2A0Em0Cp8aq78+NK9TII263CDVz2QXZsIT+yyV/gZc/j/vlwa+Epyg==",
      "requires": {
        "de-indent": "^1.0.2",
        "he": "^1.1.0"
      }
    },
    "vuex": {
      "version": "3.1.2",
      "resolved": "https://registry.npmjs.org/vuex/-/vuex-3.1.2.tgz",
      "integrity": "sha512-ha3jNLJqNhhrAemDXcmMJMKf1Zu4sybMPr9KxJIuOpVcsDQlTBYLLladav2U+g1AvdYDG5Gs0xBTb0M5pXXYFQ=="
    },
    "vuex-class": {
      "version": "0.3.2",
      "resolved": "https://registry.npmjs.org/vuex-class/-/vuex-class-0.3.2.tgz",
      "integrity": "sha512-m0w7/FMsNcwJgunJeM+wcNaHzK2KX1K1rw2WUQf7Q16ndXHo7pflRyOV/E8795JO/7fstyjH3EgqBI4h4n4qXQ==",
      "dev": true
    }
  }
}
