lockfileVersion: '6.0'

settings:
  autoInstallPeers: false
  excludeLinksFromLockfile: false

dependencies:
  '@codemirror/autocomplete':
    specifier: ^6.18.1
    version: 6.18.1(@codemirror/language@6.10.3)(@codemirror/view@6.34.1)
  '@codemirror/commands':
    specifier: ^6.7.0
    version: 6.7.0
  '@codemirror/language':
    specifier: ^6.10.3
    version: 6.10.3
  '@codemirror/view':
    specifier: ^6.34.1
    version: 6.34.1
  '@lezer/highlight':
    specifier: ^1.2.1
    version: 1.2.1
  '@tuleap/tlp-swatch-colors':
    specifier: workspace:^
    version: link:../../../../../lib/frontend/tlp-swatch-colors
  '@tuleap/tql-syntax':
    specifier: workspace:^
    version: link:../../../../../lib/frontend/tql-syntax

devDependencies:
  '@tuleap/build-system-configurator':
    specifier: workspace:*
    version: link:../../../../../lib/frontend/build-system-configurator

packages:

  /@codemirror/autocomplete@6.18.1(@codemirror/language@6.10.3)(@codemirror/view@6.34.1):
    resolution: {integrity: sha512-iWHdj/B1ethnHRTwZj+C1obmmuCzquH29EbcKr0qIjA9NfDeBDJ7vs+WOHsFeLeflE4o+dHfYndJloMKHUkWUA==}
    peerDependencies:
      '@codemirror/language': ^6.0.0
      '@codemirror/view': ^6.0.0
    dependencies:
      '@codemirror/language': 6.10.3
      '@codemirror/state': 6.4.1
      '@codemirror/view': 6.34.1
      '@lezer/common': 1.2.2
    dev: false

  /@codemirror/commands@6.7.0:
    resolution: {integrity: sha512-+cduIZ2KbesDhbykV02K25A5xIVrquSPz4UxxYBemRlAT2aW8dhwUgLDwej7q/RJUHKk4nALYcR1puecDvbdqw==}
    dependencies:
      '@codemirror/language': 6.10.3
      '@codemirror/state': 6.4.1
      '@codemirror/view': 6.34.1
      '@lezer/common': 1.2.2
    dev: false

  /@codemirror/language@6.10.3:
    resolution: {integrity: sha512-kDqEU5sCP55Oabl6E7m5N+vZRoc0iWqgDVhEKifcHzPzjqCegcO4amfrYVL9PmPZpl4G0yjkpTpUO/Ui8CzO8A==}
    dependencies:
      '@codemirror/state': 6.4.1
      '@codemirror/view': 6.34.1
      '@lezer/common': 1.2.2
      '@lezer/highlight': 1.2.1
      '@lezer/lr': 1.4.2
      style-mod: 4.1.2
    dev: false

  /@codemirror/state@6.4.1:
    resolution: {integrity: sha512-QkEyUiLhsJoZkbumGZlswmAhA7CBU02Wrz7zvH4SrcifbsqwlXShVXg65f3v/ts57W3dqyamEriMhij1Z3Zz4A==}
    dev: false

  /@codemirror/view@6.34.1:
    resolution: {integrity: sha512-t1zK/l9UiRqwUNPm+pdIT0qzJlzuVckbTEMVNFhfWkGiBQClstzg+78vedCvLSX0xJEZ6lwZbPpnljL7L6iwMQ==}
    dependencies:
      '@codemirror/state': 6.4.1
      style-mod: 4.1.2
      w3c-keyname: 2.2.8
    dev: false

  /@lezer/common@1.2.2:
    resolution: {integrity: sha512-Z+R3hN6kXbgBWAuejUNPihylAL1Z5CaFqnIe0nTX8Ej+XlIy3EGtXxn6WtLMO+os2hRkQvm2yvaGMYliUzlJaw==}
    dev: false

  /@lezer/highlight@1.2.1:
    resolution: {integrity: sha512-Z5duk4RN/3zuVO7Jq0pGLJ3qynpxUVsh7IbUbGj88+uV2ApSAn6kWg2au3iJb+0Zi7kKtqffIESgNcRXWZWmSA==}
    dependencies:
      '@lezer/common': 1.2.2
    dev: false

  /@lezer/lr@1.4.2:
    resolution: {integrity: sha512-pu0K1jCIdnQ12aWNaAVU5bzi7Bd1w54J3ECgANPmYLtQKP0HBj2cE/5coBD66MT10xbtIuUr7tg0Shbsvk0mDA==}
    dependencies:
      '@lezer/common': 1.2.2
    dev: false

  /style-mod@4.1.2:
    resolution: {integrity: sha512-wnD1HyVqpJUI2+eKZ+eo1UwghftP6yuFheBqqe+bWCotBjC2K1YnteJILRMs3SM4V/0dLEW1SC27MWP5y+mwmw==}
    dev: false

  /w3c-keyname@2.2.8:
    resolution: {integrity: sha512-dpojBhNsCNN7T82Tm7k26A6G9ML3NkhDsnw9n/eoxSRlVBB4CEtIQ/KTCLI2Fwf3ataSXRhYFkQi3SlnFwPvPQ==}
    dev: false
